{"SurveyEntry": {"SurveyID": "SV_6KBINKkF77t2b5k", "SurveyName": "Design_Ethics_Dark_Patterns_Survey_Final", "SurveyDescription": null, "SurveyOwnerID": "UR_2ysDXBzW7tGfo3A", "SurveyBrandID": "qualtricsxmkwpwlvdl9", "DivisionID": null, "SurveyLanguage": "EN", "SurveyActiveResponseSet": "RS_0USwC9lscawZ8j4", "SurveyStatus": "Inactive", "SurveyStartDate": "0000-00-00 00:00:00", "SurveyExpirationDate": "0000-00-00 00:00:00", "SurveyCreationDate": "2026-03-01 19:08:35", "CreatorID": "UR_2ysDXBzW7tGfo3A", "LastModified": "2026-03-01 19:26:06", "LastAccessed": "0000-00-00 00:00:00", "LastActivated": "0000-00-00 00:00:00", "Deleted": null}, "SurveyElements": [{"SurveyID": "SV_6KBINKkF77t2b5k", "Element": "BL", "PrimaryAttribute": "Survey Blocks", "SecondaryAttribute": null, "TertiaryAttribute": null, "Payload": [{"Type": "Default", "Description": "Informed Consent", "ID": "BL_RcWnbRi28MXQp90", "BlockElements": [{"Type": "Question", "QuestionID": "QID1"}], "Options": {"BlockLocking": "false", "RandomizeQuestions": "false", "BlockVisibility": "Expanded"}}, {"Type": "Standard", "Description": "Demographics", "ID": "BL_cdSqNPrUi9TMQ57", "BlockElements": [{"Type": "Question", "QuestionID": "QID2"}, {"Type": "Question", "QuestionID": "QID3"}, {"Type": "Question", "QuestionID": "QID4"}], "Options": {"BlockLocking": "false", "RandomizeQuestions": "false", "BlockVisibility": "Expanded"}, "SubType": ""}, {"Type": "Standard", "Description": "Technology Use", "ID": "BL_kt9ZD9wMao8kXQO", "BlockElements": [{"Type": "Question", "QuestionID": "QID5"}, {"Type": "Question", "QuestionID": "QID6"}, {"Type": "Question", "QuestionID": "QID7"}, {"Type": "Question", "QuestionID": "QID8"}], "Options": {"BlockLocking": "false", "RandomizeQuestions": "false", "BlockVisibility": "Expanded"}, "SubType": ""}, {"Type": "Standard", "Description": "Privacy Attitudes - IUIPC-8", "ID": "BL_7P07P7HaXIk19JT", "BlockElements": [{"Type": "Question", "QuestionID": "QID9"}], "Options": {"BlockLocking": "false", "RandomizeQuestions": "false", "BlockVisibility": "Expanded"}, "SubType": ""}, {"Type": "Standard", "Description": "Condition - Control (Ethical Design)", "ID": "BL_Z7KpGZDg5cxN5AX", "BlockElements": [{"Type": "Question", "QuestionID": "QID10"}, {"Type": "Page Break"}, {"Type": "Question", "QuestionID": "QID11"}, {"Type": "Page Break"}, {"Type": "Question", "QuestionID": "QID12"}], "Options": {"BlockLocking": "false", "RandomizeQuestions": "false", "BlockVisibility": "Expanded"}, "SubType": ""}, {"Type": "Standard", "Description": "Condition - Dark Pattern Treatment", "ID": "BL_KRM6Non56NfJOw1", "BlockElements": [{"Type": "Question", "QuestionID": "QID13"}, {"Type": "Page Break"}, {"Type": "Question", "QuestionID": "QID14"}, {"Type": "Page Break"}, {"Type": "Question", "QuestionID": "QID15"}], "Options": {"BlockLocking": "false", "RandomizeQuestions": "false", "BlockVisibility": "Expanded"}, "SubType": ""}, {"Type": "Standard", "Description": "Post-Task Survey - App Permissions", "ID": "BL_VGHX3jXwmE8RPc3", "BlockElements": [{"Type": "Question", "QuestionID": "QID16"}, {"Type": "Question", "QuestionID": "QID17"}, {"Type": "Question", "QuestionID": "QID18"}, {"Type": "Question", "QuestionID": "QID19"}, {"Type": "Question", "QuestionID": "QID20"}, {"Type": "Question", "QuestionID": "QID21"}, {"Type": "Question", "QuestionID": "QID22"}, {"Type": "Question", "QuestionID": "QID23"}], "Options": {"BlockLocking": "false", "RandomizeQuestions": "false", "BlockVisibility": "Expanded"}, "SubType": ""}, {"Type": "Standard", "Description": "Post-Task Survey - Cookie Consent", "ID": "BL_2es7ASuWPefzjTi", "BlockElements": [{"Type": "Question", "QuestionID": "QID24"}, {"Type": "Question", "QuestionID": "QID25"}, {"Type": "Question", "QuestionID": "QID26"}, {"Type": "Question", "QuestionID": "QID27"}, {"Type": "Question", "QuestionID": "QID28"}, {"Type": "Question", "QuestionID": "QID29"}, {"Type": "Question", "QuestionID": "QID30"}, {"Type": "Question", "QuestionID": "QID31"}], "Options": {"BlockLocking": "false", "RandomizeQuestions": "false", "BlockVisibility": "Expanded"}, "SubType": ""}, {"Type": "Standard", "Description": "Post-Task Survey - Privacy Settings", "ID": "BL_kfTaIPyyAEDDKQZ", "BlockElements": [{"Type": "Question", "QuestionID": "QID32"}, {"Type": "Question", "QuestionID": "QID33"}, {"Type": "Question", "QuestionID": "QID34"}, {"Type": "Question", "QuestionID": "QID35"}, {"Type": "Question", "QuestionID": "QID36"}, {"Type": "Question", "QuestionID": "QID37"}, {"Type": "Question", "QuestionID": "QID38"}, {"Type": "Question", "QuestionID": "QID39"}], "Options": {"BlockLocking": "false", "RandomizeQuestions": "false", "BlockVisibility": "Expanded"}, "SubType": ""}, {"Type": "Standard", "Description": "Debriefing", "ID": "BL_3vi2nTIqrELrm6v", "BlockElements": [{"Type": "Question", "QuestionID": "QID40"}, {"Type": "Question", "QuestionID": "QID41"}], "Options": {"BlockLocking": "false", "RandomizeQuestions": "false", "BlockVisibility": "Expanded"}, "SubType": ""}, {"Type": "Standard", "Description": "Housekeeping", "ID": "BL_QP1Lo7Kh7MoibiW", "BlockElements": [{"Type": "Question", "QuestionID": "QID42"}], "Options": {"BlockLocking": "false", "RandomizeQuestions": "false", "BlockVisibility": "Expanded"}, "SubType": ""}, {"Type": "Trash", "Description": "Trash / Unused Questions", "ID": "BL_oXf2SfUaDKxn3wt", "BlockElements": []}]}, {"SurveyID": "SV_6KBINKkF77t2b5k", "Element": "FL", "PrimaryAttribute": "Survey Flow", "SecondaryAttribute": null, "TertiaryAttribute": null, "Payload": {"Type": "Root", "FlowID": "FL_14", "Flow": [{"Type": "Block", "ID": "BL_RcWnbRi28MXQp90", "FlowID": "FL_1"}, {"Type": "Standard", "ID": "BL_cdSqNPrUi9TMQ57", "FlowID": "FL_2"}, {"Type": "Standard", "ID": "BL_kt9ZD9wMao8kXQO", "FlowID": "FL_3"}, {"Type": "Standard", "ID": "BL_7P07P7HaXIk19JT", "FlowID": "FL_4"}, {"Type": "EmbeddedData", "FlowID": "FL_5", "EmbeddedData": [{"Description": "ParticipantID", "Type": "Custom", "Field": "ParticipantID", "VariableType": "String", "DataVisibility": [], "FlowOnly": false, "AnalyzeText": false, "Value": "${rand://int/10000000:99999999}"}]}, {"Type": "BlockRandomizer", "FlowID": "FL_8", "SubSet": 1, "EvenPresentation": true, "Flow": [{"Type": "Standard", "ID": "BL_Z7KpGZDg5cxN5AX", "FlowID": "FL_6"}, {"Type": "Standard", "ID": "BL_KRM6Non56NfJOw1", "FlowID": "FL_7"}]}, {"Type": "Standard", "ID": "BL_VGHX3jXwmE8RPc3", "FlowID": "FL_9"}, {"Type": "Standard", "ID": "BL_2es7ASuWPefzjTi", "FlowID": "FL_10"}, {"Type": "Standard", "ID": "BL_kfTaIPyyAEDDKQZ", "FlowID": "FL_11"}, {"Type": "Standard", "ID": "BL_3vi2nTIqrELrm6v", "FlowID": "FL_12"}, {"Type": "Standard", "ID": "BL_QP1Lo7Kh7MoibiW", "FlowID": "FL_13"}], "Properties": {"Count": 14, "RemovedFieldsets": []}}}, {"SurveyID": "SV_6KBINKkF77t2b5k", "Element": "PL", "PrimaryAttribute": "Preview Link", "SecondaryAttribute": null, "TertiaryAttribute": null, "Payload": {"PreviewType": "Brand", "PreviewID": "e15bfff7-71b6-4cab-8d95-928df4416657"}}, {"SurveyID": "SV_6KBINKkF77t2b5k", "Element": "PROJ", "PrimaryAttribute": "CORE", "SecondaryAttribute": null, "TertiaryAttribute": "1.1.0", "Payload": {"ProjectCategory": "CORE", "SchemaVersion": "1.1.0"}}, {"SurveyID": "SV_6KBINKkF77t2b5k", "Element": "QC", "PrimaryAttribute": "Survey Question Count", "SecondaryAttribute": "42", "TertiaryAttribute": null, "Payload": null}, {"SurveyID": "SV_6KBINKkF77t2b5k", "Element": "RS", "PrimaryAttribute": "RS_0USwC9lscawZ8j4", "SecondaryAttribute": "Default Response Set", "TertiaryAttribute": null, "Payload": null}, {"SurveyID": "SV_6KBINKkF77t2b5k", "Element": "SCO", "PrimaryAttribute": "Scoring", "SecondaryAttribute": null, "TertiaryAttribute": null, "Payload": {"ScoringCategories": [{"ID": "SC_8c7VR8aUqjvSLeR", "Name": "Score", "Description": ""}], "ScoringCategoryGroups": [], "DefaultScoringCategory": "SC_8c7VR8aUqjvSLeR", "ScoringSummaryCategory": null, "ScoringSummaryAfterQuestions": 0, "ScoringSummaryAfterSurvey": 0, "AutoScoringCategory": null}}, {"SurveyID": "SV_6KBINKkF77t2b5k", "Element": "SO", "PrimaryAttribute": "Survey Options", "SecondaryAttribute": null, "TertiaryAttribute": null, "Payload": {"BackButton": "false", "SaveAndContinue": "true", "SurveyProtection": "PublicSurvey", "BallotBoxStuffingPrevention": "true", "NoIndex": "Yes", "SecureResponseFiles": "true", "SurveyExpiration": null, "SurveyTermination": "DefaultMessage", "Header": "", "Footer": "", "ProgressBarDisplay": "NoText", "PartialData": "+1 week", "ValidationMessage": null, "PreviousButton": " ← ", "NextButton": " → ", "SkinLibrary": "Qualtrics", "SkinType": "MQ", "Skin": "v4qualtrics1", "NewScoring": 1, "libraryId": "", "nextButtonMid": "", "previousButtonMid": "", "headerMid": "", "footerMid": "", "QuestionsPerPage": "", "PageTransition": "Slide", "Autofocus": "false", "Autoadvance": "false", "AutoadvancePages": "false", "ExternalCSS": null, "HighlightQuestions": "off", "EOSMessage": "", "ShowExportTags": "false", "CollectGeoLocation": "false", "SurveyTitle": "Online Survey Software | Qualtrics Survey Solutions", "SurveyMetaDescription": "Qualtrics sophisticated online survey software solutions make creating online surveys easy. Learn more about Research Suite and get a free account today.", "PasswordProtection": "No", "AnonymizeResponse": "No", "Password": "", "RefererCheck": "No", "RefererURL": "http://", "RecaptchaV3": "false", "ResponseSummary": "No", "EOSMessageLibrary": "", "EOSRedirectURL": "https://", "EmailThankYou": "false", "ThankYouEmailMessageLibrary": null, "ThankYouEmailMessage": null, "ValidateMessage": "false", "ValidationMessageLibrary": null, "InactiveSurvey": "DefaultMessage", "PartialDataCloseAfter": "LastActivity", "ActiveResponseSet": null, "InactiveMessageLibrary": "", "InactiveMessage": "", "AvailableLanguages": {"EN": []}}}, {"SurveyID": "SV_6KBINKkF77t2b5k", "Element": "SQ", "PrimaryAttribute": "QID1", "SecondaryAttribute": "Design Ethics and User Interface Study - Informed Consent\n\n\nYou are invited to participate in a rese", "TertiaryAttribute": null, "Payload": {"QuestionText": "<span style=\"font-size:19px;\"><strong>Design Ethics and User Interface Study - Informed Consent</strong></span>\n\n<p><br>\nYou are invited to participate in a research study examining how different interface designs affect user decision-making in privacy and security contexts. This study aims to understand how users interact with various types of digital interfaces when making choices about their personal information and security settings.<br>\n<br>\n<strong>Study Procedures:</strong><br>\nIf you agree to participate, you will:<br>\n1. Complete a brief demographic and technology use questionnaire (approximately 5 minutes).<br>\n2. View a series of mock digital interfaces and make decisions about privacy/security settings (approximately 15-20 minutes).<br>\n3. Answer questions about your experience and decision-making process (approximately 10 minutes).<br>\n<br>\nTotal estimated time: approximately 30 minutes.<br>\n<br>\n<strong>Risks and Discomforts:</strong><br>\nThis study involves minimal risk. You will interact with simulated interfaces that do not access any of your real personal data or accounts. Some interfaces may be designed to be confusing or misleading as part of the research design. No real consequences will result from any choices you make. Full explanation will be provided during debriefing.<br>\n<br>\n<strong>Benefits:</strong><br>\nThis research will contribute to understanding how interface design affects user security decisions. After completing the study, you will receive educational information about identifying potentially manipulative design patterns.<br>\n<br>\n<strong>Confidentiality:</strong><br>\nYou will be assigned a random participant ID. All data will be stored on encrypted, password-protected devices. Results will be reported in aggregate form. Data will be retained for 3 years after study completion and then securely deleted.<br>\n<br>\n<strong>Voluntary Participation:</strong><br>\nYour participation is entirely voluntary. You may withdraw at any time without penalty. You may request data removal up to 14 days after participation.<br>\n<br>\n<strong>Compensation:</strong><br>\nParticipants will receive $20 USD for completing the study (approximately 30 minutes). Participants recruited through university participant pools may alternatively receive course credit as specified by their instructor.<br>\n<br>\n<strong>Investigators:</strong> Neha Kotwal (nehajk@uw.edu) and Kshitij Barapatre (kshitij2@uw.edu)<br>\n<strong>Faculty Advisor:</strong> Marc Dupuis (marcjd@uw.edu)<br>\n<br>\n<strong>YOU MUST BE 18 YEARS OF AGE OR OLDER TO PARTICIPATE.</strong><br><br>\n</p>\n\n<strong>CONSENT TO STUDY PARTICIPATION</strong><br><br>\nI certify that I am 18 years of age or older, that I have read the preceding, and that I understand its contents. By clicking on the next button, I am freely agreeing to participate in this study.<br><br>\n<em>NOTE: If you do not wish to participate in this study then please close your browser window at this time.</em>", "DefaultChoices": false, "DataExportTag": "Q1", "QuestionID": "QID1", "QuestionType": "DB", "Selector": "TB", "DataVisibility": {"Private": false, "Hidden": false}, "Configuration": {"QuestionDescriptionOption": "UseText"}, "QuestionDescription": "Design Ethics and User Interface Study - Informed Consent\n\n\nYou are invited to participate in a rese", "ChoiceOrder": [], "Validation": {"Settings": {"Type": "None"}}, "GradingData": [], "Language": [], "NextChoiceId": 7, "NextAnswerId": 1}}, {"SurveyID": "SV_6KBINKkF77t2b5k", "Element": "SQ", "PrimaryAttribute": "QID10", "SecondaryAttribute": "Scenario: App Permission Request", "TertiaryAttribute": null, "Payload": {"QuestionText": "<strong>Scenario: App Permission Request</strong><br><br>A fictional social media app requests various permissions during installation. Review the permission requests and decide which permissions to grant or deny.<br><br>Permissions: Camera access, Location (always), Contacts, Microphone, Photo library<br><br><em>Please interact with the interface as you normally would.</em><br><br><br><a href=\"https://nehakotwal.github.io/dark-patterns-study/s1_control_app_permissions.html\" target=\"_blank\"><strong>&gt;&gt;&gt; CLICK HERE TO OPEN THE CONNECT HUB INTERFACE &lt;&lt;&lt;</strong></a><br><br><em>(Right-click and select \"Open in new tab\" if the link does not open in a new tab automatically.)</em><br><br>After completing the task in the interface, close that tab and return here to continue the survey.", "DefaultChoices": false, "DataExportTag": "Q10", "QuestionID": "QID10", "QuestionType": "DB", "Selector": "TB", "DataVisibility": {"Private": false, "Hidden": false}, "Configuration": {"QuestionDescriptionOption": "UseText"}, "QuestionDescription": "Scenario: App Permission Request", "ChoiceOrder": [], "Validation": {"Settings": {"Type": "None"}}, "GradingData": [], "Language": [], "NextChoiceId": 7, "NextAnswerId": 1}}, {"SurveyID": "SV_6KBINKkF77t2b5k", "Element": "SQ", "PrimaryAttribute": "QID11", "SecondaryAttribute": "Scenario: Cookie Consent Banner", "TertiaryAttribute": null, "Payload": {"QuestionText": "<strong>Scenario: Cookie Consent Banner</strong><br><br>A fictional e-commerce website displays a cookie consent banner upon first visit. Review cookie options and select your preferences for tracking and advertising cookies.<br><br>Categories: Essential (required), Analytics, Advertising, Third-party sharing<br><br><em>Please interact with the interface as you normally would.</em><br><br><br><a href=\"https://nehakotwal.github.io/dark-patterns-study/s2_control_cookie_consent.html\" target=\"_blank\"><strong>&gt;&gt;&gt; CLICK HERE TO OPEN THE SHOP SMART INTERFACE &lt;&lt;&lt;</strong></a><br><br><em>(Right-click and select \"Open in new tab\" if the link does not open in a new tab automatically.)</em><br><br>After completing the task in the interface, close that tab and return here to continue the survey.", "DefaultChoices": false, "DataExportTag": "Q11", "QuestionID": "QID11", "QuestionType": "DB", "Selector": "TB", "DataVisibility": {"Private": false, "Hidden": false}, "Configuration": {"QuestionDescriptionOption": "UseText"}, "QuestionDescription": "Scenario: Cookie Consent Banner", "ChoiceOrder": [], "Validation": {"Settings": {"Type": "None"}}, "GradingData": [], "Language": [], "NextChoiceId": 7, "NextAnswerId": 1}}, {"SurveyID": "SV_6KBINKkF77t2b5k", "Element": "SQ", "PrimaryAttribute": "QID12", "SecondaryAttribute": "Scenario: Account Privacy Settings", "TertiaryAttribute": null, "Payload": {"QuestionText": "<strong>Scenario: Account Privacy Settings</strong><br><br>A fictional streaming service prompts you to review privacy settings. Configure your profile visibility, watch history sharing, and personalization settings.<br><br>Settings: Profile visibility, Watch history sharing, Personalized recommendations, Partner data sharing<br><br><em>Please interact with the interface as you normally would.</em><br><br><br><a href=\"https://nehakotwal.github.io/dark-patterns-study/s3_control_privacy_settings.html\" target=\"_blank\"><strong>&gt;&gt;&gt; CLICK HERE TO OPEN THE STREAM VIEW INTERFACE &lt;&lt;&lt;</strong></a><br><br><em>(Right-click and select \"Open in new tab\" if the link does not open in a new tab automatically.)</em><br><br>After completing the task in the interface, close that tab and return here to continue the survey.", "DefaultChoices": false, "DataExportTag": "Q12", "QuestionID": "QID12", "QuestionType": "DB", "Selector": "TB", "DataVisibility": {"Private": false, "Hidden": false}, "Configuration": {"QuestionDescriptionOption": "UseText"}, "QuestionDescription": "Scenario: Account Privacy Settings", "ChoiceOrder": [], "Validation": {"Settings": {"Type": "None"}}, "GradingData": [], "Language": [], "NextChoiceId": 7, "NextAnswerId": 1}}, {"SurveyID": "SV_6KBINKkF77t2b5k", "Element": "SQ", "PrimaryAttribute": "QID13", "SecondaryAttribute": "Scenario: App Permission Request", "TertiaryAttribute": null, "Payload": {"QuestionText": "<strong>Scenario: App Permission Request</strong><br><br>A fictional social media app requests various permissions during installation. Review the permission requests and decide which permissions to grant or deny.<br><br>Permissions: Camera access, Location (always), Contacts, Microphone, Photo library<br><br><em>Please interact with the interface as you normally would.</em><br><br><br><a href=\"https://nehakotwal.github.io/dark-patterns-study/s1_dark_app_permissions.html\" target=\"_blank\"><strong>&gt;&gt;&gt; CLICK HERE TO OPEN THE CONNECT HUB INTERFACE &lt;&lt;&lt;</strong></a><br><br><em>(Right-click and select \"Open in new tab\" if the link does not open in a new tab automatically.)</em><br><br>After completing the task in the interface, close that tab and return here to continue the survey.", "DefaultChoices": false, "DataExportTag": "Q13", "QuestionID": "QID13", "QuestionType": "DB", "Selector": "TB", "DataVisibility": {"Private": false, "Hidden": false}, "Configuration": {"QuestionDescriptionOption": "UseText"}, "QuestionDescription": "Scenario: App Permission Request", "ChoiceOrder": [], "Validation": {"Settings": {"Type": "None"}}, "GradingData": [], "Language": [], "NextChoiceId": 7, "NextAnswerId": 1}}, {"SurveyID": "SV_6KBINKkF77t2b5k", "Element": "SQ", "PrimaryAttribute": "QID14", "SecondaryAttribute": "Scenario: Cookie Consent Banner", "TertiaryAttribute": null, "Payload": {"QuestionText": "<strong>Scenario: Cookie Consent Banner</strong><br><br>A fictional e-commerce website displays a cookie consent banner upon first visit. Review cookie options and select your preferences for tracking and advertising cookies.<br><br>Categories: Essential (required), Analytics, Advertising, Third-party sharing<br><br><em>Please interact with the interface as you normally would.</em><br><br><br><a href=\"https://nehakotwal.github.io/dark-patterns-study/s2_dark_cookie_consent.html\" target=\"_blank\"><strong>&gt;&gt;&gt; CLICK HERE TO OPEN THE SHOP SMART INTERFACE &lt;&lt;&lt;</strong></a><br><br><em>(Right-click and select \"Open in new tab\" if the link does not open in a new tab automatically.)</em><br><br>After completing the task in the interface, close that tab and return here to continue the survey.", "DefaultChoices": false, "DataExportTag": "Q14", "QuestionID": "QID14", "QuestionType": "DB", "Selector": "TB", "DataVisibility": {"Private": false, "Hidden": false}, "Configuration": {"QuestionDescriptionOption": "UseText"}, "QuestionDescription": "Scenario: Cookie Consent Banner", "ChoiceOrder": [], "Validation": {"Settings": {"Type": "None"}}, "GradingData": [], "Language": [], "NextChoiceId": 7, "NextAnswerId": 1}}, {"SurveyID": "SV_6KBINKkF77t2b5k", "Element": "SQ", "PrimaryAttribute": "QID15", "SecondaryAttribute": "Scenario: Account Privacy Settings", "TertiaryAttribute": null, "Payload": {"QuestionText": "<strong>Scenario: Account Privacy Settings</strong><br><br>A fictional streaming service prompts you to review privacy settings. Configure your profile visibility, watch history sharing, and personalization settings.<br><br>Settings: Profile visibility, Watch history sharing, Personalized recommendations, Partner data sharing<br><br><em>Please interact with the interface as you normally would.</em><br><br><br><a href=\"https://nehakotwal.github.io/dark-patterns-study/s3_dark_privacy_settings.html\" target=\"_blank\"><strong>&gt;&gt;&gt; CLICK HERE TO OPEN THE STREAM VIEW INTERFACE &lt;&lt;&lt;</strong></a><br><br><em>(Right-click and select \"Open in new tab\" if the link does not open in a new tab automatically.)</em><br><br>After completing the task in the interface, close that tab and return here to continue the survey.", "DefaultChoices": false, "DataExportTag": "Q15", "QuestionID": "QID15", "QuestionType": "DB", "Selector": "TB", "DataVisibility": {"Private": false, "Hidden": false}, "Configuration": {"QuestionDescriptionOption": "UseText"}, "QuestionDescription": "Scenario: Account Privacy Settings", "ChoiceOrder": [], "Validation": {"Settings": {"Type": "None"}}, "GradingData": [], "Language": [], "NextChoiceId": 7, "NextAnswerId": 1}}, {"SurveyID": "SV_6KBINKkF77t2b5k", "Element": "SQ", "PrimaryAttribute": "QID16", "SecondaryAttribute": "How confident are you that you made the best decision for your privacy/security? (App Permissions)", "TertiaryAttribute": null, "Payload": {"QuestionText": "<span style=\"font-size:16px;\"><span style=\"font-family:arial,helvetica,sans-serif;\">How confident are you that you made the best decision for your privacy/security? (App Permissions)</span></span>", "DefaultChoices": false, "DataExportTag": "Q16", "QuestionType": "MC", "Selector": "SAVR", "SubSelector": "TX", "Configuration": {"QuestionDescriptionOption": "UseText"}, "QuestionDescription": "How confident are you that you made the best decision for your privacy/security? (App Permissions)", "Choices": {"1": {"Display": "1 - Not confident at all"}, "2": {"Display": "2"}, "3": {"Display": "3"}, "4": {"Display": "4"}, "5": {"Display": "5"}, "6": {"Display": "6"}, "7": {"Display": "7 - Extremely confident"}}, "ChoiceOrder": ["1", "2", "3", "4", "5", "6", "7"], "Validation": {"Settings": {"ForceResponse": "RequestResponse", "ForceResponseType": "RequestResponse", "Type": "None"}}, "GradingData": [], "Language": [], "NextChoiceId": 8, "NextAnswerId": 1, "QuestionID": "QID16", "DataVisibility": {"Private": false, "Hidden": false}}}, {"SurveyID": "SV_6KBINKkF77t2b5k", "Element": "SQ", "PrimaryAttribute": "QID17", "SecondaryAttribute": "How satisfied are you with the choices available to you?", "TertiaryAttribute": null, "Payload": {"QuestionText": "<span style=\"font-size:16px;\"><span style=\"font-family:arial,helvetica,sans-serif;\">How satisfied are you with the choices available to you?</span></span>", "DefaultChoices": false, "DataExportTag": "Q17", "QuestionType": "MC", "Selector": "SAVR", "SubSelector": "TX", "Configuration": {"QuestionDescriptionOption": "UseText"}, "QuestionDescription": "How satisfied are you with the choices available to you?", "Choices": {"1": {"Display": "1 - Not satisfied at all"}, "2": {"Display": "2"}, "3": {"Display": "3"}, "4": {"Display": "4"}, "5": {"Display": "5"}, "6": {"Display": "6"}, "7": {"Display": "7 - Extremely satisfied"}}, "ChoiceOrder": ["1", "2", "3", "4", "5", "6", "7"], "Validation": {"Settings": {"ForceResponse": "RequestResponse", "ForceResponseType": "RequestResponse", "Type": "None"}}, "GradingData": [], "Language": [], "NextChoiceId": 8, "NextAnswerId": 1, "QuestionID": "QID17", "DataVisibility": {"Private": false, "Hidden": false}}}, {"SurveyID": "SV_6KBINKkF77t2b5k", "Element": "SQ", "PrimaryAttribute": "QID18", "SecondaryAttribute": "How easy was it to find and select your preferred privacy/security options?", "TertiaryAttribute": null, "Payload": {"QuestionText": "<span style=\"font-size:16px;\"><span style=\"font-family:arial,helvetica,sans-serif;\">How easy was it to find and select your preferred privacy/security options?</span></span>", "DefaultChoices": false, "DataExportTag": "Q18", "QuestionType": "MC", "Selector": "SAVR", "SubSelector": "TX", "Configuration": {"QuestionDescriptionOption": "UseText"}, "QuestionDescription": "How easy was it to find and select your preferred privacy/security options?", "Choices": {"1": {"Display": "1 - Extremely difficult"}, "2": {"Display": "2"}, "3": {"Display": "3"}, "4": {"Display": "4"}, "5": {"Display": "5"}, "6": {"Display": "6"}, "7": {"Display": "7 - Extremely easy"}}, "ChoiceOrder": ["1", "2", "3", "4", "5", "6", "7"], "Validation": {"Settings": {"ForceResponse": "RequestResponse", "ForceResponseType": "RequestResponse", "Type": "None"}}, "GradingData": [], "Language": [], "NextChoiceId": 8, "NextAnswerId": 1, "QuestionID": "QID18", "DataVisibility": {"Private": false, "Hidden": false}}}, {"SurveyID": "SV_6KBINKkF77t2b5k", "Element": "SQ", "PrimaryAttribute": "QID19", "SecondaryAttribute": "Perceived Manipulation(Adapted from Luguri &amp; Strahilevitz, 2021)Please indicate your level of ag", "TertiaryAttribute": null, "Payload": {"QuestionText": "<span style=\"font-size:16px;\"><span style=\"font-family:arial,helvetica,sans-serif;\"><strong>Perceived Manipulation</strong><br><em>(Adapted from Luguri &amp; Strahilevitz, 2021)</em><br><br>Please indicate your level of agreement:</span></span>", "DefaultChoices": false, "DataExportTag": "Q19", "QuestionType": "Matrix", "Selector": "Likert", "SubSelector": "SingleAnswer", "Configuration": {"QuestionDescriptionOption": "UseText", "TextPosition": "inline", "ChoiceColumnWidth": 25, "RepeatHeaders": "none", "WhiteSpace": "OFF", "MobileFirst": true}, "QuestionDescription": "Perceived Manipulation(Adapted from Luguri &amp; Strahilevitz, 2021)Please indicate your level of ag", "Choices": {"1": {"Display": "The interface was designed to guide me toward a specific choice."}, "2": {"Display": "I felt pressured to make a certain decision."}, "3": {"Display": "Important information was hidden or hard to find."}, "4": {"Display": "The design made it difficult to protect my privacy."}, "5": {"Display": "I trust that this interface presented options fairly. (Reverse scored)"}}, "ChoiceOrder": ["1", "2", "3", "4", "5"], "Validation": {"Settings": {"ForceResponse": "RequestResponse", "ForceResponseType": "RequestResponse", "Type": "None"}}, "GradingData": [{"AnswerID": 1, "ChoiceID": "137", "Grades": {"SC_8c7VR8aUqjvSLeR": 1}, "index": 0}, {"AnswerID": 2, "ChoiceID": "137", "Grades": {"SC_8c7VR8aUqjvSLeR": 2}, "index": 1}, {"AnswerID": 3, "ChoiceID": "137", "Grades": {"SC_8c7VR8aUqjvSLeR": 3}, "index": 2}, {"AnswerID": 4, "ChoiceID": "137", "Grades": {"SC_8c7VR8aUqjvSLeR": 4}, "index": 3}, {"AnswerID": 5, "ChoiceID": "137", "Grades": {"SC_8c7VR8aUqjvSLeR": 5}, "index": 4}, {"AnswerID": 6, "ChoiceID": "137", "Grades": {"SC_8c7VR8aUqjvSLeR": 6}, "index": 5}, {"AnswerID": 1, "ChoiceID": "138", "Grades": {"SC_8c7VR8aUqjvSLeR": 1}, "index": 6}, {"AnswerID": 2, "ChoiceID": "138", "Grades": {"SC_8c7VR8aUqjvSLeR": 2}, "index": 7}, {"AnswerID": 3, "ChoiceID": "138", "Grades": {"SC_8c7VR8aUqjvSLeR": 3}, "index": 8}, {"AnswerID": 4, "ChoiceID": "138", "Grades": {"SC_8c7VR8aUqjvSLeR": 4}, "index": 9}, {"AnswerID": 5, "ChoiceID": "138", "Grades": {"SC_8c7VR8aUqjvSLeR": 5}, "index": 10}, {"AnswerID": 6, "ChoiceID": "138", "Grades": {"SC_8c7VR8aUqjvSLeR": 6}, "index": 11}, {"AnswerID": 1, "ChoiceID": "139", "Grades": {"SC_8c7VR8aUqjvSLeR": 1}, "index": 12}, {"AnswerID": 2, "ChoiceID": "139", "Grades": {"SC_8c7VR8aUqjvSLeR": 2}, "index": 13}, {"AnswerID": 3, "ChoiceID": "139", "Grades": {"SC_8c7VR8aUqjvSLeR": 3}, "index": 14}, {"AnswerID": 4, "ChoiceID": "139", "Grades": {"SC_8c7VR8aUqjvSLeR": 4}, "index": 15}, {"AnswerID": 5, "ChoiceID": "139", "Grades": {"SC_8c7VR8aUqjvSLeR": 5}, "index": 16}, {"AnswerID": 6, "ChoiceID": "139", "Grades": {"SC_8c7VR8aUqjvSLeR": 6}, "index": 17}, {"AnswerID": 1, "ChoiceID": "140", "Grades": {"SC_8c7VR8aUqjvSLeR": 1}, "index": 18}, {"AnswerID": 2, "ChoiceID": "140", "Grades": {"SC_8c7VR8aUqjvSLeR": 2}, "index": 19}, {"AnswerID": 3, "ChoiceID": "140", "Grades": {"SC_8c7VR8aUqjvSLeR": 3}, "index": 20}, {"AnswerID": 4, "ChoiceID": "140", "Grades": {"SC_8c7VR8aUqjvSLeR": 4}, "index": 21}, {"AnswerID": 5, "ChoiceID": "140", "Grades": {"SC_8c7VR8aUqjvSLeR": 5}, "index": 22}, {"AnswerID": 6, "ChoiceID": "140", "Grades": {"SC_8c7VR8aUqjvSLeR": 6}, "index": 23}, {"AnswerID": 1, "ChoiceID": "141", "Grades": {"SC_8c7VR8aUqjvSLeR": 1}, "index": 24}, {"AnswerID": 2, "ChoiceID": "141", "Grades": {"SC_8c7VR8aUqjvSLeR": 2}, "index": 25}, {"AnswerID": 3, "ChoiceID": "141", "Grades": {"SC_8c7VR8aUqjvSLeR": 3}, "index": 26}, {"AnswerID": 4, "ChoiceID": "141", "Grades": {"SC_8c7VR8aUqjvSLeR": 4}, "index": 27}, {"AnswerID": 5, "ChoiceID": "141", "Grades": {"SC_8c7VR8aUqjvSLeR": 5}, "index": 28}, {"AnswerID": 6, "ChoiceID": "141", "Grades": {"SC_8c7VR8aUqjvSLeR": 6}, "index": 29}, {"AnswerID": 1, "ChoiceID": "142", "Grades": {"SC_8c7VR8aUqjvSLeR": 1}, "index": 30}, {"AnswerID": 2, "ChoiceID": "142", "Grades": {"SC_8c7VR8aUqjvSLeR": 2}, "index": 31}, {"AnswerID": 3, "ChoiceID": "142", "Grades": {"SC_8c7VR8aUqjvSLeR": 3}, "index": 32}, {"AnswerID": 4, "ChoiceID": "142", "Grades": {"SC_8c7VR8aUqjvSLeR": 4}, "index": 33}, {"AnswerID": 5, "ChoiceID": "142", "Grades": {"SC_8c7VR8aUqjvSLeR": 5}, "index": 34}, {"AnswerID": 6, "ChoiceID": "142", "Grades": {"SC_8c7VR8aUqjvSLeR": 6}, "index": 35}, {"AnswerID": 1, "ChoiceID": "143", "Grades": {"SC_8c7VR8aUqjvSLeR": 1}, "index": 36}, {"AnswerID": 2, "ChoiceID": "143", "Grades": {"SC_8c7VR8aUqjvSLeR": 2}, "index": 37}, {"AnswerID": 3, "ChoiceID": "143", "Grades": {"SC_8c7VR8aUqjvSLeR": 3}, "index": 38}, {"AnswerID": 4, "ChoiceID": "143", "Grades": {"SC_8c7VR8aUqjvSLeR": 4}, "index": 39}, {"AnswerID": 5, "ChoiceID": "143", "Grades": {"SC_8c7VR8aUqjvSLeR": 5}, "index": 40}, {"AnswerID": 6, "ChoiceID": "143", "Grades": {"SC_8c7VR8aUqjvSLeR": 6}, "index": 41}, {"AnswerID": 1, "ChoiceID": "145", "Grades": {"SC_8c7VR8aUqjvSLeR": 1}, "index": 48}, {"AnswerID": 2, "ChoiceID": "145", "Grades": {"SC_8c7VR8aUqjvSLeR": 2}, "index": 49}, {"AnswerID": 3, "ChoiceID": "145", "Grades": {"SC_8c7VR8aUqjvSLeR": 3}, "index": 50}, {"AnswerID": 4, "ChoiceID": "145", "Grades": {"SC_8c7VR8aUqjvSLeR": 4}, "index": 51}, {"AnswerID": 5, "ChoiceID": "145", "Grades": {"SC_8c7VR8aUqjvSLeR": 5}, "index": 52}, {"AnswerID": 6, "ChoiceID": "145", "Grades": {"SC_8c7VR8aUqjvSLeR": 6}, "index": 53}, {"AnswerID": 1, "ChoiceID": "146", "Grades": {"SC_8c7VR8aUqjvSLeR": 1}, "index": 54}, {"AnswerID": 2, "ChoiceID": "146", "Grades": {"SC_8c7VR8aUqjvSLeR": 2}, "index": 55}, {"AnswerID": 3, "ChoiceID": "146", "Grades": {"SC_8c7VR8aUqjvSLeR": 3}, "index": 56}, {"AnswerID": 4, "ChoiceID": "146", "Grades": {"SC_8c7VR8aUqjvSLeR": 4}, "index": 57}, {"AnswerID": 5, "ChoiceID": "146", "Grades": {"SC_8c7VR8aUqjvSLeR": 5}, "index": 58}, {"AnswerID": 6, "ChoiceID": "146", "Grades": {"SC_8c7VR8aUqjvSLeR": 6}, "index": 59}], "Language": [], "NextChoiceId": 6, "NextAnswerId": 8, "Answers": {"1": {"Display": "1 - Strongly Disagree"}, "2": {"Display": "2"}, "3": {"Display": "3"}, "4": {"Display": "4"}, "5": {"Display": "5"}, "6": {"Display": "6"}, "7": {"Display": "7 - Strongly Agree"}}, "AnswerOrder": ["1", "2", "3", "4", "5", "6", "7"], "ChoiceDataExportTags": false, "QuestionID": "QID19", "DataVisibility": {"Private": false, "Hidden": false}}}, {"SurveyID": "SV_6KBINKkF77t2b5k", "Element": "SQ", "PrimaryAttribute": "QID2", "SecondaryAttribute": "What is your age?", "TertiaryAttribute": null, "Payload": {"QuestionText": "<span style=\"font-size:16px;\"><span style=\"font-family:arial,helvetica,sans-serif;\">What is your age?</span></span>", "DefaultChoices": false, "DataExportTag": "Q2", "QuestionType": "MC", "Selector": "SAVR", "SubSelector": "TX", "Configuration": {"QuestionDescriptionOption": "UseText"}, "QuestionDescription": "What is your age?", "Choices": {"1": {"Display": "18-24"}, "2": {"Display": "25-34"}, "3": {"Display": "35-44"}, "4": {"Display": "45-54"}, "5": {"Display": "55-64"}, "6": {"Display": "65+"}}, "ChoiceOrder": ["1", "2", "3", "4", "5", "6"], "Validation": {"Settings": {"ForceResponse": "RequestResponse", "ForceResponseType": "RequestResponse", "Type": "None"}}, "GradingData": [], "Language": [], "NextChoiceId": 7, "NextAnswerId": 1, "QuestionID": "QID2", "DataVisibility": {"Private": false, "Hidden": false}}}, {"SurveyID": "SV_6KBINKkF77t2b5k", "Element": "SQ", "PrimaryAttribute": "QID20", "SecondaryAttribute": "How mentally demanding was it to make decisions using this interface?(NASA-TLX Adaptation)", "TertiaryAttribute": null, "Payload": {"QuestionText": "<span style=\"font-size:16px;\"><span style=\"font-family:arial,helvetica,sans-serif;\">How mentally demanding was it to make decisions using this interface?<br><em>(NASA-TLX Adaptation)</em></span></span>", "DefaultChoices": false, "DataExportTag": "Q20", "QuestionType": "MC", "Selector": "SAVR", "SubSelector": "TX", "Configuration": {"QuestionDescriptionOption": "UseText"}, "QuestionDescription": "How mentally demanding was it to make decisions using this interface?(NASA-TLX Adaptation)", "Choices": {"1": {"Display": "1 - Not demanding at all"}, "2": {"Display": "2"}, "3": {"Display": "3"}, "4": {"Display": "4"}, "5": {"Display": "5"}, "6": {"Display": "6"}, "7": {"Display": "7 - Extremely demanding"}}, "ChoiceOrder": ["1", "2", "3", "4", "5", "6", "7"], "Validation": {"Settings": {"ForceResponse": "RequestResponse", "ForceResponseType": "RequestResponse", "Type": "None"}}, "GradingData": [], "Language": [], "NextChoiceId": 8, "NextAnswerId": 1, "QuestionID": "QID20", "DataVisibility": {"Private": false, "Hidden": false}}}, {"SurveyID": "SV_6KBINKkF77t2b5k", "Element": "SQ", "PrimaryAttribute": "QID21", "SecondaryAttribute": "How much effort did you put into understanding the options presented?", "TertiaryAttribute": null, "Payload": {"QuestionText": "<span style=\"font-size:16px;\"><span style=\"font-family:arial,helvetica,sans-serif;\">How much effort did you put into understanding the options presented?</span></span>", "DefaultChoices": false, "DataExportTag": "Q21", "QuestionType": "MC", "Selector": "SAVR", "SubSelector": "TX", "Configuration": {"QuestionDescriptionOption": "UseText"}, "QuestionDescription": "How much effort did you put into understanding the options presented?", "Choices": {"1": {"Display": "1 - Very little effort"}, "2": {"Display": "2"}, "3": {"Display": "3"}, "4": {"Display": "4"}, "5": {"Display": "5"}, "6": {"Display": "6"}, "7": {"Display": "7 - Very much effort"}}, "ChoiceOrder": ["1", "2", "3", "4", "5", "6", "7"], "Validation": {"Settings": {"ForceResponse": "RequestResponse", "ForceResponseType": "RequestResponse", "Type": "None"}}, "GradingData": [], "Language": [], "NextChoiceId": 8, "NextAnswerId": 1, "QuestionID": "QID21", "DataVisibility": {"Private": false, "Hidden": false}}}, {"SurveyID": "SV_6KBINKkF77t2b5k", "Element": "SQ", "PrimaryAttribute": "QID22", "SecondaryAttribute": "Please briefly describe how you decided what options to select:", "TertiaryAttribute": null, "Payload": {"QuestionText": "<span style=\"font-size:16px;\"><span style=\"font-family:arial,helvetica,sans-serif;\">Please briefly describe how you decided what options to select:</span></span>", "DefaultChoices": false, "DataExportTag": "Q22", "QuestionType": "TE", "Selector": "ML", "Configuration": {"QuestionDescriptionOption": "UseText"}, "QuestionDescription": "Please briefly describe how you decided what options to select:", "Validation": {"Settings": {"ForceResponse": "OFF", "ForceResponseType": "OFF", "Type": "None"}}, "GradingData": [], "Language": [], "NextChoiceId": 7, "NextAnswerId": 1, "QuestionID": "QID22", "DataVisibility": {"Private": false, "Hidden": false}, "SearchSource": {"AllowFreeResponse": "false"}}}, {"SurveyID": "SV_6KBINKkF77t2b5k", "Element": "SQ", "PrimaryAttribute": "QID23", "SecondaryAttribute": "Was there anything about this interface that you found confusing or frustrating?", "TertiaryAttribute": null, "Payload": {"QuestionText": "<span style=\"font-size:16px;\"><span style=\"font-family:arial,helvetica,sans-serif;\">Was there anything about this interface that you found confusing or frustrating?</span></span>", "DefaultChoices": false, "DataExportTag": "Q23", "QuestionType": "TE", "Selector": "ML", "Configuration": {"QuestionDescriptionOption": "UseText"}, "QuestionDescription": "Was there anything about this interface that you found confusing or frustrating?", "Validation": {"Settings": {"ForceResponse": "OFF", "ForceResponseType": "OFF", "Type": "None"}}, "GradingData": [], "Language": [], "NextChoiceId": 7, "NextAnswerId": 1, "QuestionID": "QID23", "DataVisibility": {"Private": false, "Hidden": false}, "SearchSource": {"AllowFreeResponse": "false"}}}, {"SurveyID": "SV_6KBINKkF77t2b5k", "Element": "SQ", "PrimaryAttribute": "QID24", "SecondaryAttribute": "How confident are you that you made the best decision for your privacy/security? (Cookie Consent)", "TertiaryAttribute": null, "Payload": {"QuestionText": "<span style=\"font-size:16px;\"><span style=\"font-family:arial,helvetica,sans-serif;\">How confident are you that you made the best decision for your privacy/security? (Cookie Consent)</span></span>", "DefaultChoices": false, "DataExportTag": "Q24", "QuestionType": "MC", "Selector": "SAVR", "SubSelector": "TX", "Configuration": {"QuestionDescriptionOption": "UseText"}, "QuestionDescription": "How confident are you that you made the best decision for your privacy/security? (Cookie Consent)", "Choices": {"1": {"Display": "1 - Not confident at all"}, "2": {"Display": "2"}, "3": {"Display": "3"}, "4": {"Display": "4"}, "5": {"Display": "5"}, "6": {"Display": "6"}, "7": {"Display": "7 - Extremely confident"}}, "ChoiceOrder": ["1", "2", "3", "4", "5", "6", "7"], "Validation": {"Settings": {"ForceResponse": "RequestResponse", "ForceResponseType": "RequestResponse", "Type": "None"}}, "GradingData": [], "Language": [], "NextChoiceId": 8, "NextAnswerId": 1, "QuestionID": "QID24", "DataVisibility": {"Private": false, "Hidden": false}}}, {"SurveyID": "SV_6KBINKkF77t2b5k", "Element": "SQ", "PrimaryAttribute": "QID25", "SecondaryAttribute": "How satisfied are you with the choices available to you?", "TertiaryAttribute": null, "Payload": {"QuestionText": "<span style=\"font-size:16px;\"><span style=\"font-family:arial,helvetica,sans-serif;\">How satisfied are you with the choices available to you?</span></span>", "DefaultChoices": false, "DataExportTag": "Q25", "QuestionType": "MC", "Selector": "SAVR", "SubSelector": "TX", "Configuration": {"QuestionDescriptionOption": "UseText"}, "QuestionDescription": "How satisfied are you with the choices available to you?", "Choices": {"1": {"Display": "1 - Not satisfied at all"}, "2": {"Display": "2"}, "3": {"Display": "3"}, "4": {"Display": "4"}, "5": {"Display": "5"}, "6": {"Display": "6"}, "7": {"Display": "7 - Extremely satisfied"}}, "ChoiceOrder": ["1", "2", "3", "4", "5", "6", "7"], "Validation": {"Settings": {"ForceResponse": "RequestResponse", "ForceResponseType": "RequestResponse", "Type": "None"}}, "GradingData": [], "Language": [], "NextChoiceId": 8, "NextAnswerId": 1, "QuestionID": "QID25", "DataVisibility": {"Private": false, "Hidden": false}}}, {"SurveyID": "SV_6KBINKkF77t2b5k", "Element": "SQ", "PrimaryAttribute": "QID26", "SecondaryAttribute": "How easy was it to find and select your preferred privacy/security options?", "TertiaryAttribute": null, "Payload": {"QuestionText": "<span style=\"font-size:16px;\"><span style=\"font-family:arial,helvetica,sans-serif;\">How easy was it to find and select your preferred privacy/security options?</span></span>", "DefaultChoices": false, "DataExportTag": "Q26", "QuestionType": "MC", "Selector": "SAVR", "SubSelector": "TX", "Configuration": {"QuestionDescriptionOption": "UseText"}, "QuestionDescription": "How easy was it to find and select your preferred privacy/security options?", "Choices": {"1": {"Display": "1 - Extremely difficult"}, "2": {"Display": "2"}, "3": {"Display": "3"}, "4": {"Display": "4"}, "5": {"Display": "5"}, "6": {"Display": "6"}, "7": {"Display": "7 - Extremely easy"}}, "ChoiceOrder": ["1", "2", "3", "4", "5", "6", "7"], "Validation": {"Settings": {"ForceResponse": "RequestResponse", "ForceResponseType": "RequestResponse", "Type": "None"}}, "GradingData": [], "Language": [], "NextChoiceId": 8, "NextAnswerId": 1, "QuestionID": "QID26", "DataVisibility": {"Private": false, "Hidden": false}}}, {"SurveyID": "SV_6KBINKkF77t2b5k", "Element": "SQ", "PrimaryAttribute": "QID27", "SecondaryAttribute": "Perceived Manipulation(Adapted from Luguri &amp; Strahilevitz, 2021)Please indicate your level of ag", "TertiaryAttribute": null, "Payload": {"QuestionText": "<span style=\"font-size:16px;\"><span style=\"font-family:arial,helvetica,sans-serif;\"><strong>Perceived Manipulation</strong><br><em>(Adapted from Luguri &amp; Strahilevitz, 2021)</em><br><br>Please indicate your level of agreement:</span></span>", "DefaultChoices": false, "DataExportTag": "Q27", "QuestionType": "Matrix", "Selector": "Likert", "SubSelector": "SingleAnswer", "Configuration": {"QuestionDescriptionOption": "UseText", "TextPosition": "inline", "ChoiceColumnWidth": 25, "RepeatHeaders": "none", "WhiteSpace": "OFF", "MobileFirst": true}, "QuestionDescription": "Perceived Manipulation(Adapted from Luguri &amp; Strahilevitz, 2021)Please indicate your level of ag", "Choices": {"1": {"Display": "The interface was designed to guide me toward a specific choice."}, "2": {"Display": "I felt pressured to make a certain decision."}, "3": {"Display": "Important information was hidden or hard to find."}, "4": {"Display": "The design made it difficult to protect my privacy."}, "5": {"Display": "I trust that this interface presented options fairly. (Reverse scored)"}}, "ChoiceOrder": ["1", "2", "3", "4", "5"], "Validation": {"Settings": {"ForceResponse": "RequestResponse", "ForceResponseType": "RequestResponse", "Type": "None"}}, "GradingData": [{"AnswerID": 1, "ChoiceID": "137", "Grades": {"SC_8c7VR8aUqjvSLeR": 1}, "index": 0}, {"AnswerID": 2, "ChoiceID": "137", "Grades": {"SC_8c7VR8aUqjvSLeR": 2}, "index": 1}, {"AnswerID": 3, "ChoiceID": "137", "Grades": {"SC_8c7VR8aUqjvSLeR": 3}, "index": 2}, {"AnswerID": 4, "ChoiceID": "137", "Grades": {"SC_8c7VR8aUqjvSLeR": 4}, "index": 3}, {"AnswerID": 5, "ChoiceID": "137", "Grades": {"SC_8c7VR8aUqjvSLeR": 5}, "index": 4}, {"AnswerID": 6, "ChoiceID": "137", "Grades": {"SC_8c7VR8aUqjvSLeR": 6}, "index": 5}, {"AnswerID": 1, "ChoiceID": "138", "Grades": {"SC_8c7VR8aUqjvSLeR": 1}, "index": 6}, {"AnswerID": 2, "ChoiceID": "138", "Grades": {"SC_8c7VR8aUqjvSLeR": 2}, "index": 7}, {"AnswerID": 3, "ChoiceID": "138", "Grades": {"SC_8c7VR8aUqjvSLeR": 3}, "index": 8}, {"AnswerID": 4, "ChoiceID": "138", "Grades": {"SC_8c7VR8aUqjvSLeR": 4}, "index": 9}, {"AnswerID": 5, "ChoiceID": "138", "Grades": {"SC_8c7VR8aUqjvSLeR": 5}, "index": 10}, {"AnswerID": 6, "ChoiceID": "138", "Grades": {"SC_8c7VR8aUqjvSLeR": 6}, "index": 11}, {"AnswerID": 1, "ChoiceID": "139", "Grades": {"SC_8c7VR8aUqjvSLeR": 1}, "index": 12}, {"AnswerID": 2, "ChoiceID": "139", "Grades": {"SC_8c7VR8aUqjvSLeR": 2}, "index": 13}, {"AnswerID": 3, "ChoiceID": "139", "Grades": {"SC_8c7VR8aUqjvSLeR": 3}, "index": 14}, {"AnswerID": 4, "ChoiceID": "139", "Grades": {"SC_8c7VR8aUqjvSLeR": 4}, "index": 15}, {"AnswerID": 5, "ChoiceID": "139", "Grades": {"SC_8c7VR8aUqjvSLeR": 5}, "index": 16}, {"AnswerID": 6, "ChoiceID": "139", "Grades": {"SC_8c7VR8aUqjvSLeR": 6}, "index": 17}, {"AnswerID": 1, "ChoiceID": "140", "Grades": {"SC_8c7VR8aUqjvSLeR": 1}, "index": 18}, {"AnswerID": 2, "ChoiceID": "140", "Grades": {"SC_8c7VR8aUqjvSLeR": 2}, "index": 19}, {"AnswerID": 3, "ChoiceID": "140", "Grades": {"SC_8c7VR8aUqjvSLeR": 3}, "index": 20}, {"AnswerID": 4, "ChoiceID": "140", "Grades": {"SC_8c7VR8aUqjvSLeR": 4}, "index": 21}, {"AnswerID": 5, "ChoiceID": "140", "Grades": {"SC_8c7VR8aUqjvSLeR": 5}, "index": 22}, {"AnswerID": 6, "ChoiceID": "140", "Grades": {"SC_8c7VR8aUqjvSLeR": 6}, "index": 23}, {"AnswerID": 1, "ChoiceID": "141", "Grades": {"SC_8c7VR8aUqjvSLeR": 1}, "index": 24}, {"AnswerID": 2, "ChoiceID": "141", "Grades": {"SC_8c7VR8aUqjvSLeR": 2}, "index": 25}, {"AnswerID": 3, "ChoiceID": "141", "Grades": {"SC_8c7VR8aUqjvSLeR": 3}, "index": 26}, {"AnswerID": 4, "ChoiceID": "141", "Grades": {"SC_8c7VR8aUqjvSLeR": 4}, "index": 27}, {"AnswerID": 5, "ChoiceID": "141", "Grades": {"SC_8c7VR8aUqjvSLeR": 5}, "index": 28}, {"AnswerID": 6, "ChoiceID": "141", "Grades": {"SC_8c7VR8aUqjvSLeR": 6}, "index": 29}, {"AnswerID": 1, "ChoiceID": "142", "Grades": {"SC_8c7VR8aUqjvSLeR": 1}, "index": 30}, {"AnswerID": 2, "ChoiceID": "142", "Grades": {"SC_8c7VR8aUqjvSLeR": 2}, "index": 31}, {"AnswerID": 3, "ChoiceID": "142", "Grades": {"SC_8c7VR8aUqjvSLeR": 3}, "index": 32}, {"AnswerID": 4, "ChoiceID": "142", "Grades": {"SC_8c7VR8aUqjvSLeR": 4}, "index": 33}, {"AnswerID": 5, "ChoiceID": "142", "Grades": {"SC_8c7VR8aUqjvSLeR": 5}, "index": 34}, {"AnswerID": 6, "ChoiceID": "142", "Grades": {"SC_8c7VR8aUqjvSLeR": 6}, "index": 35}, {"AnswerID": 1, "ChoiceID": "143", "Grades": {"SC_8c7VR8aUqjvSLeR": 1}, "index": 36}, {"AnswerID": 2, "ChoiceID": "143", "Grades": {"SC_8c7VR8aUqjvSLeR": 2}, "index": 37}, {"AnswerID": 3, "ChoiceID": "143", "Grades": {"SC_8c7VR8aUqjvSLeR": 3}, "index": 38}, {"AnswerID": 4, "ChoiceID": "143", "Grades": {"SC_8c7VR8aUqjvSLeR": 4}, "index": 39}, {"AnswerID": 5, "ChoiceID": "143", "Grades": {"SC_8c7VR8aUqjvSLeR": 5}, "index": 40}, {"AnswerID": 6, "ChoiceID": "143", "Grades": {"SC_8c7VR8aUqjvSLeR": 6}, "index": 41}, {"AnswerID": 1, "ChoiceID": "145", "Grades": {"SC_8c7VR8aUqjvSLeR": 1}, "index": 48}, {"AnswerID": 2, "ChoiceID": "145", "Grades": {"SC_8c7VR8aUqjvSLeR": 2}, "index": 49}, {"AnswerID": 3, "ChoiceID": "145", "Grades": {"SC_8c7VR8aUqjvSLeR": 3}, "index": 50}, {"AnswerID": 4, "ChoiceID": "145", "Grades": {"SC_8c7VR8aUqjvSLeR": 4}, "index": 51}, {"AnswerID": 5, "ChoiceID": "145", "Grades": {"SC_8c7VR8aUqjvSLeR": 5}, "index": 52}, {"AnswerID": 6, "ChoiceID": "145", "Grades": {"SC_8c7VR8aUqjvSLeR": 6}, "index": 53}, {"AnswerID": 1, "ChoiceID": "146", "Grades": {"SC_8c7VR8aUqjvSLeR": 1}, "index": 54}, {"AnswerID": 2, "ChoiceID": "146", "Grades": {"SC_8c7VR8aUqjvSLeR": 2}, "index": 55}, {"AnswerID": 3, "ChoiceID": "146", "Grades": {"SC_8c7VR8aUqjvSLeR": 3}, "index": 56}, {"AnswerID": 4, "ChoiceID": "146", "Grades": {"SC_8c7VR8aUqjvSLeR": 4}, "index": 57}, {"AnswerID": 5, "ChoiceID": "146", "Grades": {"SC_8c7VR8aUqjvSLeR": 5}, "index": 58}, {"AnswerID": 6, "ChoiceID": "146", "Grades": {"SC_8c7VR8aUqjvSLeR": 6}, "index": 59}], "Language": [], "NextChoiceId": 6, "NextAnswerId": 8, "Answers": {"1": {"Display": "1 - Strongly Disagree"}, "2": {"Display": "2"}, "3": {"Display": "3"}, "4": {"Display": "4"}, "5": {"Display": "5"}, "6": {"Display": "6"}, "7": {"Display": "7 - Strongly Agree"}}, "AnswerOrder": ["1", "2", "3", "4", "5", "6", "7"], "ChoiceDataExportTags": false, "QuestionID": "QID27", "DataVisibility": {"Private": false, "Hidden": false}}}, {"SurveyID": "SV_6KBINKkF77t2b5k", "Element": "SQ", "PrimaryAttribute": "QID28", "SecondaryAttribute": "How mentally demanding was it to make decisions using this interface?(NASA-TLX Adaptation)", "TertiaryAttribute": null, "Payload": {"QuestionText": "<span style=\"font-size:16px;\"><span style=\"font-family:arial,helvetica,sans-serif;\">How mentally demanding was it to make decisions using this interface?<br><em>(NASA-TLX Adaptation)</em></span></span>", "DefaultChoices": false, "DataExportTag": "Q28", "QuestionType": "MC", "Selector": "SAVR", "SubSelector": "TX", "Configuration": {"QuestionDescriptionOption": "UseText"}, "QuestionDescription": "How mentally demanding was it to make decisions using this interface?(NASA-TLX Adaptation)", "Choices": {"1": {"Display": "1 - Not demanding at all"}, "2": {"Display": "2"}, "3": {"Display": "3"}, "4": {"Display": "4"}, "5": {"Display": "5"}, "6": {"Display": "6"}, "7": {"Display": "7 - Extremely demanding"}}, "ChoiceOrder": ["1", "2", "3", "4", "5", "6", "7"], "Validation": {"Settings": {"ForceResponse": "RequestResponse", "ForceResponseType": "RequestResponse", "Type": "None"}}, "GradingData": [], "Language": [], "NextChoiceId": 8, "NextAnswerId": 1, "QuestionID": "QID28", "DataVisibility": {"Private": false, "Hidden": false}}}, {"SurveyID": "SV_6KBINKkF77t2b5k", "Element": "SQ", "PrimaryAttribute": "QID29", "SecondaryAttribute": "How much effort did you put into understanding the options presented?", "TertiaryAttribute": null, "Payload": {"QuestionText": "<span style=\"font-size:16px;\"><span style=\"font-family:arial,helvetica,sans-serif;\">How much effort did you put into understanding the options presented?</span></span>", "DefaultChoices": false, "DataExportTag": "Q29", "QuestionType": "MC", "Selector": "SAVR", "SubSelector": "TX", "Configuration": {"QuestionDescriptionOption": "UseText"}, "QuestionDescription": "How much effort did you put into understanding the options presented?", "Choices": {"1": {"Display": "1 - Very little effort"}, "2": {"Display": "2"}, "3": {"Display": "3"}, "4": {"Display": "4"}, "5": {"Display": "5"}, "6": {"Display": "6"}, "7": {"Display": "7 - Very much effort"}}, "ChoiceOrder": ["1", "2", "3", "4", "5", "6", "7"], "Validation": {"Settings": {"ForceResponse": "RequestResponse", "ForceResponseType": "RequestResponse", "Type": "None"}}, "GradingData": [], "Language": [], "NextChoiceId": 8, "NextAnswerId": 1, "QuestionID": "QID29", "DataVisibility": {"Private": false, "Hidden": false}}}, {"SurveyID": "SV_6KBINKkF77t2b5k", "Element": "SQ", "PrimaryAttribute": "QID3", "SecondaryAttribute": "What is your gender?", "TertiaryAttribute": null, "Payload": {"QuestionText": "<span style=\"font-size:16px;\"><span style=\"font-family:arial,helvetica,sans-serif;\">What is your gender?</span></span>", "DefaultChoices": false, "DataExportTag": "Q3", "QuestionType": "MC", "Selector": "SAVR", "SubSelector": "TX", "Configuration": {"QuestionDescriptionOption": "UseText"}, "QuestionDescription": "What is your gender?", "Choices": {"1": {"Display": "Male"}, "2": {"Display": "Female"}, "3": {"Display": "Non-binary"}, "4": {"Display": "Prefer not to say"}}, "ChoiceOrder": [1, 2, 3, 4], "Validation": {"Settings": {"ForceResponse": "RequestResponse", "ForceResponseType": "RequestResponse", "Type": "None"}}, "GradingData": [], "Language": [], "NextChoiceId": 5, "NextAnswerId": 1, "QuestionID": "QID3", "DataVisibility": {"Private": false, "Hidden": false}}}, {"SurveyID": "SV_6KBINKkF77t2b5k", "Element": "SQ", "PrimaryAttribute": "QID30", "SecondaryAttribute": "Please briefly describe how you decided what options to select:", "TertiaryAttribute": null, "Payload": {"QuestionText": "<span style=\"font-size:16px;\"><span style=\"font-family:arial,helvetica,sans-serif;\">Please briefly describe how you decided what options to select:</span></span>", "DefaultChoices": false, "DataExportTag": "Q30", "QuestionType": "TE", "Selector": "ML", "Configuration": {"QuestionDescriptionOption": "UseText"}, "QuestionDescription": "Please briefly describe how you decided what options to select:", "Validation": {"Settings": {"ForceResponse": "OFF", "ForceResponseType": "OFF", "Type": "None"}}, "GradingData": [], "Language": [], "NextChoiceId": 7, "NextAnswerId": 1, "QuestionID": "QID30", "DataVisibility": {"Private": false, "Hidden": false}, "SearchSource": {"AllowFreeResponse": "false"}}}, {"SurveyID": "SV_6KBINKkF77t2b5k", "Element": "SQ", "PrimaryAttribute": "QID31", "SecondaryAttribute": "Was there anything about this interface that you found confusing or frustrating?", "TertiaryAttribute": null, "Payload": {"QuestionText": "<span style=\"font-size:16px;\"><span style=\"font-family:arial,helvetica,sans-serif;\">Was there anything about this interface that you found confusing or frustrating?</span></span>", "DefaultChoices": false, "DataExportTag": "Q31", "QuestionType": "TE", "Selector": "ML", "Configuration": {"QuestionDescriptionOption": "UseText"}, "QuestionDescription": "Was there anything about this interface that you found confusing or frustrating?", "Validation": {"Settings": {"ForceResponse": "OFF", "ForceResponseType": "OFF", "Type": "None"}}, "GradingData": [], "Language": [], "NextChoiceId": 7, "NextAnswerId": 1, "QuestionID": "QID31", "DataVisibility": {"Private": false, "Hidden": false}, "SearchSource": {"AllowFreeResponse": "false"}}}, {"SurveyID": "SV_6KBINKkF77t2b5k", "Element": "SQ", "PrimaryAttribute": "QID32", "SecondaryAttribute": "How confident are you that you made the best decision for your privacy/security? (Privacy Settings)", "TertiaryAttribute": null, "Payload": {"QuestionText": "<span style=\"font-size:16px;\"><span style=\"font-family:arial,helvetica,sans-serif;\">How confident are you that you made the best decision for your privacy/security? (Privacy Settings)</span></span>", "DefaultChoices": false, "DataExportTag": "Q32", "QuestionType": "MC", "Selector": "SAVR", "SubSelector": "TX", "Configuration": {"QuestionDescriptionOption": "UseText"}, "QuestionDescription": "How confident are you that you made the best decision for your privacy/security? (Privacy Settings)", "Choices": {"1": {"Display": "1 - Not confident at all"}, "2": {"Display": "2"}, "3": {"Display": "3"}, "4": {"Display": "4"}, "5": {"Display": "5"}, "6": {"Display": "6"}, "7": {"Display": "7 - Extremely confident"}}, "ChoiceOrder": ["1", "2", "3", "4", "5", "6", "7"], "Validation": {"Settings": {"ForceResponse": "RequestResponse", "ForceResponseType": "RequestResponse", "Type": "None"}}, "GradingData": [], "Language": [], "NextChoiceId": 8, "NextAnswerId": 1, "QuestionID": "QID32", "DataVisibility": {"Private": false, "Hidden": false}}}, {"SurveyID": "SV_6KBINKkF77t2b5k", "Element": "SQ", "PrimaryAttribute": "QID33", "SecondaryAttribute": "How satisfied are you with the choices available to you?", "TertiaryAttribute": null, "Payload": {"QuestionText": "<span style=\"font-size:16px;\"><span style=\"font-family:arial,helvetica,sans-serif;\">How satisfied are you with the choices available to you?</span></span>", "DefaultChoices": false, "DataExportTag": "Q33", "QuestionType": "MC", "Selector": "SAVR", "SubSelector": "TX", "Configuration": {"QuestionDescriptionOption": "UseText"}, "QuestionDescription": "How satisfied are you with the choices available to you?", "Choices": {"1": {"Display": "1 - Not satisfied at all"}, "2": {"Display": "2"}, "3": {"Display": "3"}, "4": {"Display": "4"}, "5": {"Display": "5"}, "6": {"Display": "6"}, "7": {"Display": "7 - Extremely satisfied"}}, "ChoiceOrder": ["1", "2", "3", "4", "5", "6", "7"], "Validation": {"Settings": {"ForceResponse": "RequestResponse", "ForceResponseType": "RequestResponse", "Type": "None"}}, "GradingData": [], "Language": [], "NextChoiceId": 8, "NextAnswerId": 1, "QuestionID": "QID33", "DataVisibility": {"Private": false, "Hidden": false}}}, {"SurveyID": "SV_6KBINKkF77t2b5k", "Element": "SQ", "PrimaryAttribute": "QID34", "SecondaryAttribute": "How easy was it to find and select your preferred privacy/security options?", "TertiaryAttribute": null, "Payload": {"QuestionText": "<span style=\"font-size:16px;\"><span style=\"font-family:arial,helvetica,sans-serif;\">How easy was it to find and select your preferred privacy/security options?</span></span>", "DefaultChoices": false, "DataExportTag": "Q34", "QuestionType": "MC", "Selector": "SAVR", "SubSelector": "TX", "Configuration": {"QuestionDescriptionOption": "UseText"}, "QuestionDescription": "How easy was it to find and select your preferred privacy/security options?", "Choices": {"1": {"Display": "1 - Extremely difficult"}, "2": {"Display": "2"}, "3": {"Display": "3"}, "4": {"Display": "4"}, "5": {"Display": "5"}, "6": {"Display": "6"}, "7": {"Display": "7 - Extremely easy"}}, "ChoiceOrder": ["1", "2", "3", "4", "5", "6", "7"], "Validation": {"Settings": {"ForceResponse": "RequestResponse", "ForceResponseType": "RequestResponse", "Type": "None"}}, "GradingData": [], "Language": [], "NextChoiceId": 8, "NextAnswerId": 1, "QuestionID": "QID34", "DataVisibility": {"Private": false, "Hidden": false}}}, {"SurveyID": "SV_6KBINKkF77t2b5k", "Element": "SQ", "PrimaryAttribute": "QID35", "SecondaryAttribute": "Perceived Manipulation(Adapted from Luguri &amp; Strahilevitz, 2021)Please indicate your level of ag", "TertiaryAttribute": null, "Payload": {"QuestionText": "<span style=\"font-size:16px;\"><span style=\"font-family:arial,helvetica,sans-serif;\"><strong>Perceived Manipulation</strong><br><em>(Adapted from Luguri &amp; Strahilevitz, 2021)</em><br><br>Please indicate your level of agreement:</span></span>", "DefaultChoices": false, "DataExportTag": "Q35", "QuestionType": "Matrix", "Selector": "Likert", "SubSelector": "SingleAnswer", "Configuration": {"QuestionDescriptionOption": "UseText", "TextPosition": "inline", "ChoiceColumnWidth": 25, "RepeatHeaders": "none", "WhiteSpace": "OFF", "MobileFirst": true}, "QuestionDescription": "Perceived Manipulation(Adapted from Luguri &amp; Strahilevitz, 2021)Please indicate your level of ag", "Choices": {"1": {"Display": "The interface was designed to guide me toward a specific choice."}, "2": {"Display": "I felt pressured to make a certain decision."}, "3": {"Display": "Important information was hidden or hard to find."}, "4": {"Display": "The design made it difficult to protect my privacy."}, "5": {"Display": "I trust that this interface presented options fairly. (Reverse scored)"}}, "ChoiceOrder": ["1", "2", "3", "4", "5"], "Validation": {"Settings": {"ForceResponse": "RequestResponse", "ForceResponseType": "RequestResponse", "Type": "None"}}, "GradingData": [{"AnswerID": 1, "ChoiceID": "137", "Grades": {"SC_8c7VR8aUqjvSLeR": 1}, "index": 0}, {"AnswerID": 2, "ChoiceID": "137", "Grades": {"SC_8c7VR8aUqjvSLeR": 2}, "index": 1}, {"AnswerID": 3, "ChoiceID": "137", "Grades": {"SC_8c7VR8aUqjvSLeR": 3}, "index": 2}, {"AnswerID": 4, "ChoiceID": "137", "Grades": {"SC_8c7VR8aUqjvSLeR": 4}, "index": 3}, {"AnswerID": 5, "ChoiceID": "137", "Grades": {"SC_8c7VR8aUqjvSLeR": 5}, "index": 4}, {"AnswerID": 6, "ChoiceID": "137", "Grades": {"SC_8c7VR8aUqjvSLeR": 6}, "index": 5}, {"AnswerID": 1, "ChoiceID": "138", "Grades": {"SC_8c7VR8aUqjvSLeR": 1}, "index": 6}, {"AnswerID": 2, "ChoiceID": "138", "Grades": {"SC_8c7VR8aUqjvSLeR": 2}, "index": 7}, {"AnswerID": 3, "ChoiceID": "138", "Grades": {"SC_8c7VR8aUqjvSLeR": 3}, "index": 8}, {"AnswerID": 4, "ChoiceID": "138", "Grades": {"SC_8c7VR8aUqjvSLeR": 4}, "index": 9}, {"AnswerID": 5, "ChoiceID": "138", "Grades": {"SC_8c7VR8aUqjvSLeR": 5}, "index": 10}, {"AnswerID": 6, "ChoiceID": "138", "Grades": {"SC_8c7VR8aUqjvSLeR": 6}, "index": 11}, {"AnswerID": 1, "ChoiceID": "139", "Grades": {"SC_8c7VR8aUqjvSLeR": 1}, "index": 12}, {"AnswerID": 2, "ChoiceID": "139", "Grades": {"SC_8c7VR8aUqjvSLeR": 2}, "index": 13}, {"AnswerID": 3, "ChoiceID": "139", "Grades": {"SC_8c7VR8aUqjvSLeR": 3}, "index": 14}, {"AnswerID": 4, "ChoiceID": "139", "Grades": {"SC_8c7VR8aUqjvSLeR": 4}, "index": 15}, {"AnswerID": 5, "ChoiceID": "139", "Grades": {"SC_8c7VR8aUqjvSLeR": 5}, "index": 16}, {"AnswerID": 6, "ChoiceID": "139", "Grades": {"SC_8c7VR8aUqjvSLeR": 6}, "index": 17}, {"AnswerID": 1, "ChoiceID": "140", "Grades": {"SC_8c7VR8aUqjvSLeR": 1}, "index": 18}, {"AnswerID": 2, "ChoiceID": "140", "Grades": {"SC_8c7VR8aUqjvSLeR": 2}, "index": 19}, {"AnswerID": 3, "ChoiceID": "140", "Grades": {"SC_8c7VR8aUqjvSLeR": 3}, "index": 20}, {"AnswerID": 4, "ChoiceID": "140", "Grades": {"SC_8c7VR8aUqjvSLeR": 4}, "index": 21}, {"AnswerID": 5, "ChoiceID": "140", "Grades": {"SC_8c7VR8aUqjvSLeR": 5}, "index": 22}, {"AnswerID": 6, "ChoiceID": "140", "Grades": {"SC_8c7VR8aUqjvSLeR": 6}, "index": 23}, {"AnswerID": 1, "ChoiceID": "141", "Grades": {"SC_8c7VR8aUqjvSLeR": 1}, "index": 24}, {"AnswerID": 2, "ChoiceID": "141", "Grades": {"SC_8c7VR8aUqjvSLeR": 2}, "index": 25}, {"AnswerID": 3, "ChoiceID": "141", "Grades": {"SC_8c7VR8aUqjvSLeR": 3}, "index": 26}, {"AnswerID": 4, "ChoiceID": "141", "Grades": {"SC_8c7VR8aUqjvSLeR": 4}, "index": 27}, {"AnswerID": 5, "ChoiceID": "141", "Grades": {"SC_8c7VR8aUqjvSLeR": 5}, "index": 28}, {"AnswerID": 6, "ChoiceID": "141", "Grades": {"SC_8c7VR8aUqjvSLeR": 6}, "index": 29}, {"AnswerID": 1, "ChoiceID": "142", "Grades": {"SC_8c7VR8aUqjvSLeR": 1}, "index": 30}, {"AnswerID": 2, "ChoiceID": "142", "Grades": {"SC_8c7VR8aUqjvSLeR": 2}, "index": 31}, {"AnswerID": 3, "ChoiceID": "142", "Grades": {"SC_8c7VR8aUqjvSLeR": 3}, "index": 32}, {"AnswerID": 4, "ChoiceID": "142", "Grades": {"SC_8c7VR8aUqjvSLeR": 4}, "index": 33}, {"AnswerID": 5, "ChoiceID": "142", "Grades": {"SC_8c7VR8aUqjvSLeR": 5}, "index": 34}, {"AnswerID": 6, "ChoiceID": "142", "Grades": {"SC_8c7VR8aUqjvSLeR": 6}, "index": 35}, {"AnswerID": 1, "ChoiceID": "143", "Grades": {"SC_8c7VR8aUqjvSLeR": 1}, "index": 36}, {"AnswerID": 2, "ChoiceID": "143", "Grades": {"SC_8c7VR8aUqjvSLeR": 2}, "index": 37}, {"AnswerID": 3, "ChoiceID": "143", "Grades": {"SC_8c7VR8aUqjvSLeR": 3}, "index": 38}, {"AnswerID": 4, "ChoiceID": "143", "Grades": {"SC_8c7VR8aUqjvSLeR": 4}, "index": 39}, {"AnswerID": 5, "ChoiceID": "143", "Grades": {"SC_8c7VR8aUqjvSLeR": 5}, "index": 40}, {"AnswerID": 6, "ChoiceID": "143", "Grades": {"SC_8c7VR8aUqjvSLeR": 6}, "index": 41}, {"AnswerID": 1, "ChoiceID": "145", "Grades": {"SC_8c7VR8aUqjvSLeR": 1}, "index": 48}, {"AnswerID": 2, "ChoiceID": "145", "Grades": {"SC_8c7VR8aUqjvSLeR": 2}, "index": 49}, {"AnswerID": 3, "ChoiceID": "145", "Grades": {"SC_8c7VR8aUqjvSLeR": 3}, "index": 50}, {"AnswerID": 4, "ChoiceID": "145", "Grades": {"SC_8c7VR8aUqjvSLeR": 4}, "index": 51}, {"AnswerID": 5, "ChoiceID": "145", "Grades": {"SC_8c7VR8aUqjvSLeR": 5}, "index": 52}, {"AnswerID": 6, "ChoiceID": "145", "Grades": {"SC_8c7VR8aUqjvSLeR": 6}, "index": 53}, {"AnswerID": 1, "ChoiceID": "146", "Grades": {"SC_8c7VR8aUqjvSLeR": 1}, "index": 54}, {"AnswerID": 2, "ChoiceID": "146", "Grades": {"SC_8c7VR8aUqjvSLeR": 2}, "index": 55}, {"AnswerID": 3, "ChoiceID": "146", "Grades": {"SC_8c7VR8aUqjvSLeR": 3}, "index": 56}, {"AnswerID": 4, "ChoiceID": "146", "Grades": {"SC_8c7VR8aUqjvSLeR": 4}, "index": 57}, {"AnswerID": 5, "ChoiceID": "146", "Grades": {"SC_8c7VR8aUqjvSLeR": 5}, "index": 58}, {"AnswerID": 6, "ChoiceID": "146", "Grades": {"SC_8c7VR8aUqjvSLeR": 6}, "index": 59}], "Language": [], "NextChoiceId": 6, "NextAnswerId": 8, "Answers": {"1": {"Display": "1 - Strongly Disagree"}, "2": {"Display": "2"}, "3": {"Display": "3"}, "4": {"Display": "4"}, "5": {"Display": "5"}, "6": {"Display": "6"}, "7": {"Display": "7 - Strongly Agree"}}, "AnswerOrder": ["1", "2", "3", "4", "5", "6", "7"], "ChoiceDataExportTags": false, "QuestionID": "QID35", "DataVisibility": {"Private": false, "Hidden": false}}}, {"SurveyID": "SV_6KBINKkF77t2b5k", "Element": "SQ", "PrimaryAttribute": "QID36", "SecondaryAttribute": "How mentally demanding was it to make decisions using this interface?(NASA-TLX Adaptation)", "TertiaryAttribute": null, "Payload": {"QuestionText": "<span style=\"font-size:16px;\"><span style=\"font-family:arial,helvetica,sans-serif;\">How mentally demanding was it to make decisions using this interface?<br><em>(NASA-TLX Adaptation)</em></span></span>", "DefaultChoices": false, "DataExportTag": "Q36", "QuestionType": "MC", "Selector": "SAVR", "SubSelector": "TX", "Configuration": {"QuestionDescriptionOption": "UseText"}, "QuestionDescription": "How mentally demanding was it to make decisions using this interface?(NASA-TLX Adaptation)", "Choices": {"1": {"Display": "1 - Not demanding at all"}, "2": {"Display": "2"}, "3": {"Display": "3"}, "4": {"Display": "4"}, "5": {"Display": "5"}, "6": {"Display": "6"}, "7": {"Display": "7 - Extremely demanding"}}, "ChoiceOrder": ["1", "2", "3", "4", "5", "6", "7"], "Validation": {"Settings": {"ForceResponse": "RequestResponse", "ForceResponseType": "RequestResponse", "Type": "None"}}, "GradingData": [], "Language": [], "NextChoiceId": 8, "NextAnswerId": 1, "QuestionID": "QID36", "DataVisibility": {"Private": false, "Hidden": false}}}, {"SurveyID": "SV_6KBINKkF77t2b5k", "Element": "SQ", "PrimaryAttribute": "QID37", "SecondaryAttribute": "How much effort did you put into understanding the options presented?", "TertiaryAttribute": null, "Payload": {"QuestionText": "<span style=\"font-size:16px;\"><span style=\"font-family:arial,helvetica,sans-serif;\">How much effort did you put into understanding the options presented?</span></span>", "DefaultChoices": false, "DataExportTag": "Q37", "QuestionType": "MC", "Selector": "SAVR", "SubSelector": "TX", "Configuration": {"QuestionDescriptionOption": "UseText"}, "QuestionDescription": "How much effort did you put into understanding the options presented?", "Choices": {"1": {"Display": "1 - Very little effort"}, "2": {"Display": "2"}, "3": {"Display": "3"}, "4": {"Display": "4"}, "5": {"Display": "5"}, "6": {"Display": "6"}, "7": {"Display": "7 - Very much effort"}}, "ChoiceOrder": ["1", "2", "3", "4", "5", "6", "7"], "Validation": {"Settings": {"ForceResponse": "RequestResponse", "ForceResponseType": "RequestResponse", "Type": "None"}}, "GradingData": [], "Language": [], "NextChoiceId": 8, "NextAnswerId": 1, "QuestionID": "QID37", "DataVisibility": {"Private": false, "Hidden": false}}}, {"SurveyID": "SV_6KBINKkF77t2b5k", "Element": "SQ", "PrimaryAttribute": "QID38", "SecondaryAttribute": "Please briefly describe how you decided what options to select:", "TertiaryAttribute": null, "Payload": {"QuestionText": "<span style=\"font-size:16px;\"><span style=\"font-family:arial,helvetica,sans-serif;\">Please briefly describe how you decided what options to select:</span></span>", "DefaultChoices": false, "DataExportTag": "Q38", "QuestionType": "TE", "Selector": "ML", "Configuration": {"QuestionDescriptionOption": "UseText"}, "QuestionDescription": "Please briefly describe how you decided what options to select:", "Validation": {"Settings": {"ForceResponse": "OFF", "ForceResponseType": "OFF", "Type": "None"}}, "GradingData": [], "Language": [], "NextChoiceId": 7, "NextAnswerId": 1, "QuestionID": "QID38", "DataVisibility": {"Private": false, "Hidden": false}, "SearchSource": {"AllowFreeResponse": "false"}}}, {"SurveyID": "SV_6KBINKkF77t2b5k", "Element": "SQ", "PrimaryAttribute": "QID39", "SecondaryAttribute": "Was there anything about this interface that you found confusing or frustrating?", "TertiaryAttribute": null, "Payload": {"QuestionText": "<span style=\"font-size:16px;\"><span style=\"font-family:arial,helvetica,sans-serif;\">Was there anything about this interface that you found confusing or frustrating?</span></span>", "DefaultChoices": false, "DataExportTag": "Q39", "QuestionType": "TE", "Selector": "ML", "Configuration": {"QuestionDescriptionOption": "UseText"}, "QuestionDescription": "Was there anything about this interface that you found confusing or frustrating?", "Validation": {"Settings": {"ForceResponse": "OFF", "ForceResponseType": "OFF", "Type": "None"}}, "GradingData": [], "Language": [], "NextChoiceId": 7, "NextAnswerId": 1, "QuestionID": "QID39", "DataVisibility": {"Private": false, "Hidden": false}, "SearchSource": {"AllowFreeResponse": "false"}}}, {"SurveyID": "SV_6KBINKkF77t2b5k", "Element": "SQ", "PrimaryAttribute": "QID4", "SecondaryAttribute": "What is your highest level of education completed?", "TertiaryAttribute": null, "Payload": {"QuestionText": "<span style=\"font-size:16px;\"><span style=\"font-family:arial,helvetica,sans-serif;\">What is your highest level of education completed?</span></span>", "DefaultChoices": false, "DataExportTag": "Q4", "QuestionType": "MC", "Selector": "SAVR", "SubSelector": "TX", "Configuration": {"QuestionDescriptionOption": "UseText"}, "QuestionDescription": "What is your highest level of education completed?", "Choices": {"1": {"Display": "High school"}, "2": {"Display": "Bachelor's degree"}, "3": {"Display": "Master's degree"}, "4": {"Display": "Doctorate"}, "5": {"Display": "Other"}}, "ChoiceOrder": ["1", "2", "3", "4", "5"], "Validation": {"Settings": {"ForceResponse": "RequestResponse", "ForceResponseType": "RequestResponse", "Type": "None"}}, "GradingData": [], "Language": [], "NextChoiceId": 6, "NextAnswerId": 1, "QuestionID": "QID4", "DataVisibility": {"Private": false, "Hidden": false}}}, {"SurveyID": "SV_6KBINKkF77t2b5k", "Element": "SQ", "PrimaryAttribute": "QID40", "SecondaryAttribute": "Debriefing Statement — Understanding Dark Patterns in Digital Interfaces\n\n\nThank you for participa", "TertiaryAttribute": null, "Payload": {"QuestionText": "<span style=\"font-size:19px;\"><strong>Debriefing Statement — Understanding Dark Patterns in Digital Interfaces</strong></span>\n\n<p><br>\nThank you for participating in this study! Now that you have completed all tasks, we want to provide you with complete information about the purpose and methods of this research.<br>\n<br>\n<strong>What This Study Was Really About:</strong><br>\nThis study investigated how different interface designs affect user’s security and privacy decision-making. Specifically, we examined the impact of “dark patterns” — design techniques that may manipulate users into making choices that may not be in their best interest.<br>\n<br>\n<strong>Why We Used Deception:</strong><br>\nWe did not initially disclose that some interfaces were specifically designed to be manipulative. This temporary deception was necessary because knowing in advance would have changed how you interacted with them.<br>\n<br>\n<strong>Types of Dark Patterns Studied:</strong><br>\n• <strong>Obstruction:</strong> Making privacy-protective choices difficult through extra steps or hidden options.<br>\n• <strong>Sneaking:</strong> Hiding information, using pre-checked boxes, or adding features without clear consent.<br>\n• <strong>Interface Interference:</strong> Visual manipulation to guide users toward less secure choices through color, size, and positioning.<br>\n<br>\n<strong>Important:</strong> If you found yourself making choices you wouldn’t normally make, please know this is the intended effect of dark patterns — not a reflection of your abilities. These techniques are designed to exploit normal cognitive processes and affect most users, including experts.<br>\n<br>\n<strong>How to Protect Yourself:</strong><br>\n• Slow down when making privacy decisions, especially if you feel rushed.<br>\n• Look for the least prominent option — it’s often more privacy-protective.<br>\n• Check for pre-selected boxes and uncheck anything you don’t want.<br>\n• Be suspicious of emotional language designed to make you feel guilty.<br>\n• Use browser extensions that help identify dark patterns.<br>\n<br>\n<strong>Your Data and Withdrawal Rights:</strong><br>\nAll interfaces were simulations — no real data was collected or shared. If you wish to withdraw your data, contact the researcher within 14 days using your participant ID.<br>\n<br>\nContact: Neha Kotwal (nehajk@uw.edu) | Kshitij Barapatre (kshitij2@uw.edu)</p>", "DefaultChoices": false, "DataExportTag": "Q40", "QuestionID": "QID40", "QuestionType": "DB", "Selector": "TB", "DataVisibility": {"Private": false, "Hidden": false}, "Configuration": {"QuestionDescriptionOption": "UseText"}, "QuestionDescription": "Debriefing Statement — Understanding Dark Patterns in Digital Interfaces\n\n\nThank you for participati", "ChoiceOrder": [], "Validation": {"Settings": {"Type": "None"}}, "GradingData": [], "Language": [], "NextChoiceId": 7, "NextAnswerId": 1}}, {"SurveyID": "SV_6KBINKkF77t2b5k", "Element": "SQ", "PrimaryAttribute": "QID41", "SecondaryAttribute": "After learning about the true nature of this study, do you wish to withdraw your data?", "TertiaryAttribute": null, "Payload": {"QuestionText": "<span style=\"font-size:16px;\"><span style=\"font-family:arial,helvetica,sans-serif;\">After learning about the true nature of this study, do you wish to withdraw your data?</span></span>", "DefaultChoices": false, "DataExportTag": "Q41", "QuestionType": "MC", "Selector": "SAVR", "SubSelector": "TX", "Configuration": {"QuestionDescriptionOption": "UseText"}, "QuestionDescription": "After learning about the true nature of this study, do you wish to withdraw your data?", "Choices": {"1": {"Display": "No, I consent to my data being used in this research"}, "2": {"Display": "Yes, I wish to withdraw my data"}}, "ChoiceOrder": ["1", "2"], "Validation": {"Settings": {"ForceResponse": "RequestResponse", "ForceResponseType": "RequestResponse", "Type": "None"}}, "GradingData": [], "Language": [], "NextChoiceId": 3, "NextAnswerId": 1, "QuestionID": "QID41", "DataVisibility": {"Private": false, "Hidden": false}}}, {"SurveyID": "SV_6KBINKkF77t2b5k", "Element": "SQ", "PrimaryAttribute": "QID42", "SecondaryAttribute": "How did the effort/time required to complete this survey compare to your expectations?", "TertiaryAttribute": null, "Payload": {"QuestionText": "<span style=\"font-size:16px;\"><span style=\"font-family:arial,helvetica,sans-serif;\">How did the effort/time required to complete this survey compare to your expectations?</span></span>", "DefaultChoices": false, "DataExportTag": "Q42", "QuestionType": "MC", "Selector": "SAVR", "SubSelector": "TX", "Configuration": {"QuestionDescriptionOption": "UseText"}, "QuestionDescription": "How did the effort/time required to complete this survey compare to your expectations?", "Choices": {"1": {"Display": "Easier than expected"}, "2": {"Display": "About what I expected"}, "3": {"Display": "More effort than expected"}}, "ChoiceOrder": ["1", "2", "3"], "Validation": {"Settings": {"ForceResponse": "RequestResponse", "ForceResponseType": "RequestResponse", "Type": "None"}}, "GradingData": [], "Language": [], "NextChoiceId": 4, "NextAnswerId": 1, "QuestionID": "QID42", "DataVisibility": {"Private": false, "Hidden": false}}}, {"SurveyID": "SV_6KBINKkF77t2b5k", "Element": "SQ", "PrimaryAttribute": "QID5", "SecondaryAttribute": "How many hours per day do you typically spend using digital devices?", "TertiaryAttribute": null, "Payload": {"QuestionText": "<span style=\"font-size:16px;\"><span style=\"font-family:arial,helvetica,sans-serif;\">How many hours per day do you typically spend using digital devices?</span></span>", "DefaultChoices": false, "DataExportTag": "Q5", "QuestionType": "MC", "Selector": "SAVR", "SubSelector": "TX", "Configuration": {"QuestionDescriptionOption": "UseText"}, "QuestionDescription": "How many hours per day do you typically spend using digital devices?", "Choices": {"1": {"Display": "Less than 1"}, "2": {"Display": "1-3"}, "3": {"Display": "4-6"}, "4": {"Display": "7-9"}, "5": {"Display": "10+"}}, "ChoiceOrder": ["1", "2", "3", "4", "5"], "Validation": {"Settings": {"ForceResponse": "RequestResponse", "ForceResponseType": "RequestResponse", "Type": "None"}}, "GradingData": [], "Language": [], "NextChoiceId": 6, "NextAnswerId": 1, "QuestionID": "QID5", "DataVisibility": {"Private": false, "Hidden": false}}}, {"SurveyID": "SV_6KBINKkF77t2b5k", "Element": "SQ", "PrimaryAttribute": "QID6", "SecondaryAttribute": "How would you rate your overall technical expertise?", "TertiaryAttribute": null, "Payload": {"QuestionText": "<span style=\"font-size:16px;\"><span style=\"font-family:arial,helvetica,sans-serif;\">How would you rate your overall technical expertise?</span></span>", "DefaultChoices": false, "DataExportTag": "Q6", "QuestionType": "MC", "Selector": "SAVR", "SubSelector": "TX", "Configuration": {"QuestionDescriptionOption": "UseText"}, "QuestionDescription": "How would you rate your overall technical expertise?", "Choices": {"1": {"Display": "Basic"}, "2": {"Display": "Intermediate"}, "3": {"Display": "Advanced"}, "4": {"Display": "Expert"}}, "ChoiceOrder": ["1", "2", "3", "4"], "Validation": {"Settings": {"ForceResponse": "RequestResponse", "ForceResponseType": "RequestResponse", "Type": "None"}}, "GradingData": [], "Language": [], "NextChoiceId": 5, "NextAnswerId": 1, "QuestionID": "QID6", "DataVisibility": {"Private": false, "Hidden": false}}}, {"SurveyID": "SV_6KBINKkF77t2b5k", "Element": "SQ", "PrimaryAttribute": "QID7", "SecondaryAttribute": "How often do you review privacy settings when installing a new app?", "TertiaryAttribute": null, "Payload": {"QuestionText": "<span style=\"font-size:16px;\"><span style=\"font-family:arial,helvetica,sans-serif;\">How often do you review privacy settings when installing a new app?</span></span>", "DefaultChoices": false, "DataExportTag": "Q7", "QuestionType": "MC", "Selector": "SAVR", "SubSelector": "TX", "Configuration": {"QuestionDescriptionOption": "UseText"}, "QuestionDescription": "How often do you review privacy settings when installing a new app?", "Choices": {"1": {"Display": "Never"}, "2": {"Display": "Rarely"}, "3": {"Display": "Sometimes"}, "4": {"Display": "Often"}, "5": {"Display": "Always"}}, "ChoiceOrder": ["1", "2", "3", "4", "5"], "Validation": {"Settings": {"ForceResponse": "RequestResponse", "ForceResponseType": "RequestResponse", "Type": "None"}}, "GradingData": [], "Language": [], "NextChoiceId": 6, "NextAnswerId": 1, "QuestionID": "QID7", "DataVisibility": {"Private": false, "Hidden": false}}}, {"SurveyID": "SV_6KBINKkF77t2b5k", "Element": "SQ", "PrimaryAttribute": "QID8", "SecondaryAttribute": "How often do you read cookie consent notices on websites?", "TertiaryAttribute": null, "Payload": {"QuestionText": "<span style=\"font-size:16px;\"><span style=\"font-family:arial,helvetica,sans-serif;\">How often do you read cookie consent notices on websites?</span></span>", "DefaultChoices": false, "DataExportTag": "Q8", "QuestionType": "MC", "Selector": "SAVR", "SubSelector": "TX", "Configuration": {"QuestionDescriptionOption": "UseText"}, "QuestionDescription": "How often do you read cookie consent notices on websites?", "Choices": {"1": {"Display": "Never"}, "2": {"Display": "Rarely"}, "3": {"Display": "Sometimes"}, "4": {"Display": "Often"}, "5": {"Display": "Always"}}, "ChoiceOrder": ["1", "2", "3", "4", "5"], "Validation": {"Settings": {"ForceResponse": "RequestResponse", "ForceResponseType": "RequestResponse", "Type": "None"}}, "GradingData": [], "Language": [], "NextChoiceId": 6, "NextAnswerId": 1, "QuestionID": "QID8", "DataVisibility": {"Private": false, "Hidden": false}}}, {"SurveyID": "SV_6KBINKkF77t2b5k", "Element": "SQ", "PrimaryAttribute": "QID9", "SecondaryAttribute": "Please indicate your level of agreement with each statement.(IUIPC-8 Scale; Malhotra, Kim, &amp; Aga", "TertiaryAttribute": null, "Payload": {"QuestionText": "<span style=\"font-size:16px;\"><span style=\"font-family:arial,helvetica,sans-serif;\">Please indicate your level of agreement with each statement.<br><br><em>(IUIPC-8 Scale; Malhotra, Kim, &amp; Agarwal, 2004)</em></span></span>", "DefaultChoices": false, "DataExportTag": "Q9", "QuestionType": "Matrix", "Selector": "Likert", "SubSelector": "SingleAnswer", "Configuration": {"QuestionDescriptionOption": "UseText", "TextPosition": "inline", "ChoiceColumnWidth": 25, "RepeatHeaders": "none", "WhiteSpace": "OFF", "MobileFirst": true}, "QuestionDescription": "Please indicate your level of agreement with each statement.(IUIPC-8 Scale; Malhotra, Kim, &amp; Aga", "Choices": {"1": {"Display": "Consumer online privacy is really a matter of consumers' right to exercise control over how their personal information is collected, used and shared."}, "2": {"Display": "Consumer control of personal information lies at the heart of consumer privacy."}, "3": {"Display": "Companies seeking information online should disclose the way the data are collected, processed, and used."}, "4": {"Display": "A good consumer online privacy policy should have a clear and conspicuous disclosure."}, "5": {"Display": "It usually bothers me when online companies ask me for personal information."}, "6": {"Display": "When online companies ask me for personal information, I sometimes think twice before providing it."}, "7": {"Display": "It bothers me to give personal information to so many online companies."}, "8": {"Display": "I'm concerned that online companies are collecting too much personal information about me."}}, "ChoiceOrder": ["1", "2", "3", "4", "5", "6", "7", "8"], "Validation": {"Settings": {"ForceResponse": "RequestResponse", "ForceResponseType": "RequestResponse", "Type": "None"}}, "GradingData": [{"AnswerID": 1, "ChoiceID": "137", "Grades": {"SC_8c7VR8aUqjvSLeR": 1}, "index": 0}, {"AnswerID": 2, "ChoiceID": "137", "Grades": {"SC_8c7VR8aUqjvSLeR": 2}, "index": 1}, {"AnswerID": 3, "ChoiceID": "137", "Grades": {"SC_8c7VR8aUqjvSLeR": 3}, "index": 2}, {"AnswerID": 4, "ChoiceID": "137", "Grades": {"SC_8c7VR8aUqjvSLeR": 4}, "index": 3}, {"AnswerID": 5, "ChoiceID": "137", "Grades": {"SC_8c7VR8aUqjvSLeR": 5}, "index": 4}, {"AnswerID": 6, "ChoiceID": "137", "Grades": {"SC_8c7VR8aUqjvSLeR": 6}, "index": 5}, {"AnswerID": 1, "ChoiceID": "138", "Grades": {"SC_8c7VR8aUqjvSLeR": 1}, "index": 6}, {"AnswerID": 2, "ChoiceID": "138", "Grades": {"SC_8c7VR8aUqjvSLeR": 2}, "index": 7}, {"AnswerID": 3, "ChoiceID": "138", "Grades": {"SC_8c7VR8aUqjvSLeR": 3}, "index": 8}, {"AnswerID": 4, "ChoiceID": "138", "Grades": {"SC_8c7VR8aUqjvSLeR": 4}, "index": 9}, {"AnswerID": 5, "ChoiceID": "138", "Grades": {"SC_8c7VR8aUqjvSLeR": 5}, "index": 10}, {"AnswerID": 6, "ChoiceID": "138", "Grades": {"SC_8c7VR8aUqjvSLeR": 6}, "index": 11}, {"AnswerID": 1, "ChoiceID": "139", "Grades": {"SC_8c7VR8aUqjvSLeR": 1}, "index": 12}, {"AnswerID": 2, "ChoiceID": "139", "Grades": {"SC_8c7VR8aUqjvSLeR": 2}, "index": 13}, {"AnswerID": 3, "ChoiceID": "139", "Grades": {"SC_8c7VR8aUqjvSLeR": 3}, "index": 14}, {"AnswerID": 4, "ChoiceID": "139", "Grades": {"SC_8c7VR8aUqjvSLeR": 4}, "index": 15}, {"AnswerID": 5, "ChoiceID": "139", "Grades": {"SC_8c7VR8aUqjvSLeR": 5}, "index": 16}, {"AnswerID": 6, "ChoiceID": "139", "Grades": {"SC_8c7VR8aUqjvSLeR": 6}, "index": 17}, {"AnswerID": 1, "ChoiceID": "140", "Grades": {"SC_8c7VR8aUqjvSLeR": 1}, "index": 18}, {"AnswerID": 2, "ChoiceID": "140", "Grades": {"SC_8c7VR8aUqjvSLeR": 2}, "index": 19}, {"AnswerID": 3, "ChoiceID": "140", "Grades": {"SC_8c7VR8aUqjvSLeR": 3}, "index": 20}, {"AnswerID": 4, "ChoiceID": "140", "Grades": {"SC_8c7VR8aUqjvSLeR": 4}, "index": 21}, {"AnswerID": 5, "ChoiceID": "140", "Grades": {"SC_8c7VR8aUqjvSLeR": 5}, "index": 22}, {"AnswerID": 6, "ChoiceID": "140", "Grades": {"SC_8c7VR8aUqjvSLeR": 6}, "index": 23}, {"AnswerID": 1, "ChoiceID": "141", "Grades": {"SC_8c7VR8aUqjvSLeR": 1}, "index": 24}, {"AnswerID": 2, "ChoiceID": "141", "Grades": {"SC_8c7VR8aUqjvSLeR": 2}, "index": 25}, {"AnswerID": 3, "ChoiceID": "141", "Grades": {"SC_8c7VR8aUqjvSLeR": 3}, "index": 26}, {"AnswerID": 4, "ChoiceID": "141", "Grades": {"SC_8c7VR8aUqjvSLeR": 4}, "index": 27}, {"AnswerID": 5, "ChoiceID": "141", "Grades": {"SC_8c7VR8aUqjvSLeR": 5}, "index": 28}, {"AnswerID": 6, "ChoiceID": "141", "Grades": {"SC_8c7VR8aUqjvSLeR": 6}, "index": 29}, {"AnswerID": 1, "ChoiceID": "142", "Grades": {"SC_8c7VR8aUqjvSLeR": 1}, "index": 30}, {"AnswerID": 2, "ChoiceID": "142", "Grades": {"SC_8c7VR8aUqjvSLeR": 2}, "index": 31}, {"AnswerID": 3, "ChoiceID": "142", "Grades": {"SC_8c7VR8aUqjvSLeR": 3}, "index": 32}, {"AnswerID": 4, "ChoiceID": "142", "Grades": {"SC_8c7VR8aUqjvSLeR": 4}, "index": 33}, {"AnswerID": 5, "ChoiceID": "142", "Grades": {"SC_8c7VR8aUqjvSLeR": 5}, "index": 34}, {"AnswerID": 6, "ChoiceID": "142", "Grades": {"SC_8c7VR8aUqjvSLeR": 6}, "index": 35}, {"AnswerID": 1, "ChoiceID": "143", "Grades": {"SC_8c7VR8aUqjvSLeR": 1}, "index": 36}, {"AnswerID": 2, "ChoiceID": "143", "Grades": {"SC_8c7VR8aUqjvSLeR": 2}, "index": 37}, {"AnswerID": 3, "ChoiceID": "143", "Grades": {"SC_8c7VR8aUqjvSLeR": 3}, "index": 38}, {"AnswerID": 4, "ChoiceID": "143", "Grades": {"SC_8c7VR8aUqjvSLeR": 4}, "index": 39}, {"AnswerID": 5, "ChoiceID": "143", "Grades": {"SC_8c7VR8aUqjvSLeR": 5}, "index": 40}, {"AnswerID": 6, "ChoiceID": "143", "Grades": {"SC_8c7VR8aUqjvSLeR": 6}, "index": 41}, {"AnswerID": 1, "ChoiceID": "145", "Grades": {"SC_8c7VR8aUqjvSLeR": 1}, "index": 48}, {"AnswerID": 2, "ChoiceID": "145", "Grades": {"SC_8c7VR8aUqjvSLeR": 2}, "index": 49}, {"AnswerID": 3, "ChoiceID": "145", "Grades": {"SC_8c7VR8aUqjvSLeR": 3}, "index": 50}, {"AnswerID": 4, "ChoiceID": "145", "Grades": {"SC_8c7VR8aUqjvSLeR": 4}, "index": 51}, {"AnswerID": 5, "ChoiceID": "145", "Grades": {"SC_8c7VR8aUqjvSLeR": 5}, "index": 52}, {"AnswerID": 6, "ChoiceID": "145", "Grades": {"SC_8c7VR8aUqjvSLeR": 6}, "index": 53}, {"AnswerID": 1, "ChoiceID": "146", "Grades": {"SC_8c7VR8aUqjvSLeR": 1}, "index": 54}, {"AnswerID": 2, "ChoiceID": "146", "Grades": {"SC_8c7VR8aUqjvSLeR": 2}, "index": 55}, {"AnswerID": 3, "ChoiceID": "146", "Grades": {"SC_8c7VR8aUqjvSLeR": 3}, "index": 56}, {"AnswerID": 4, "ChoiceID": "146", "Grades": {"SC_8c7VR8aUqjvSLeR": 4}, "index": 57}, {"AnswerID": 5, "ChoiceID": "146", "Grades": {"SC_8c7VR8aUqjvSLeR": 5}, "index": 58}, {"AnswerID": 6, "ChoiceID": "146", "Grades": {"SC_8c7VR8aUqjvSLeR": 6}, "index": 59}], "Language": [], "NextChoiceId": 9, "NextAnswerId": 8, "Answers": {"1": {"Display": "1 - Strongly Disagree"}, "2": {"Display": "2"}, "3": {"Display": "3"}, "4": {"Display": "4"}, "5": {"Display": "5"}, "6": {"Display": "6"}, "7": {"Display": "7 - Strongly Agree"}}, "AnswerOrder": ["1", "2", "3", "4", "5", "6", "7"], "ChoiceDataExportTags": false, "QuestionID": "QID9", "DataVisibility": {"Private": false, "Hidden": false}}}, {"SurveyID": "SV_6KBINKkF77t2b5k", "Element": "STAT", "PrimaryAttribute": "Survey Statistics", "SecondaryAttribute": null, "TertiaryAttribute": null, "Payload": {"MobileCompatible": true, "ID": "Survey Statistics"}}]}